
Microsoft Visual Studio Solution File, Format Version 12.00
# Visual Studio 2013
VisualStudioVersion = 12.0.30501.0
MinimumVisualStudioVersion = 10.0.40219.1
Project("{FAE04EC0-301F-11D3-BF4B-00C04F79EFBC}") = "Lemma.XNA", "Lemma\Lemma.XNA.csproj", "{3D2D163E-393B-4AFD-997B-143E909AC653}"
EndProject
Project("{FAE04EC0-301F-11D3-BF4B-00C04F79EFBC}") = "EngineContent.XNA", "Lemma\Content\EngineContent.XNA.contentproj", "{6D5DBC4B-1DE9-47B2-92AF-546C5D1E4268}"
EndProject
Project("{FAE04EC0-301F-11D3-BF4B-00C04F79EFBC}") = "SkinnedModelContent", "SkinnedModel\SkinnedModelContent.csproj", "{882A32E7-CB48-4E63-8180-0D1859575723}"
EndProject
Project("{FAE04EC0-301F-11D3-BF4B-00C04F79EFBC}") = "PipelineExtensions.XNA", "PipelineExtensions\PipelineExtensions.XNA.csproj", "{4636C7E1-B845-4B83-B96D-64A11B8A4515}"
EndProject
Project("{FAE04EC0-301F-11D3-BF4B-00C04F79EFBC}") = "BEPUphysics", "BEPUphysics\BEPUphysics.csproj", "{2A9D2227-78D7-4804-B6D1-560BB43AE911}"
EndProject
Project("{FAE04EC0-301F-11D3-BF4B-00C04F79EFBC}") = "BEPUutilities", "BEPUutilities\BEPUutilities.csproj", "{E3AAEB61-D7DF-4E7E-A75B-B5282D2FF3F5}"
EndProject
Project("{FAE04EC0-301F-11D3-BF4B-00C04F79EFBC}") = "Game.XNA", "Lemma\Game\Game.XNA.contentproj", "{D487DC94-C8CB-44EB-8A6C-026D03936D1A}"
EndProject
Project("{FAE04EC0-301F-11D3-BF4B-00C04F79EFBC}") = "Excel", "Excel\Excel.csproj", "{4CB0690E-3E7A-497C-9116-D52024F63195}"
EndProject
Project("{FAE04EC0-301F-11D3-BF4B-00C04F79EFBC}") = "ICSharpCode.SharpZLib", "SharpZipLib\src\ICSharpCode.SharpZLib.csproj", "{0E7413FF-EB9E-4714-ACF2-BE3A6A7B2FFD}"
EndProject
Project("{FAE04EC0-301F-11D3-BF4B-00C04F79EFBC}") = "Wwise", "Wwise\Wwise.csproj", "{B1452F01-704F-44CD-BAB5-2A15F8E5C2F1}"
EndProject
Project("{FAE04EC0-301F-11D3-BF4B-00C04F79EFBC}") = "ComponentBind", "ComponentBind\ComponentBind.csproj", "{2D0637AB-A380-4C97-A329-BF7C40C99495}"
EndProject
Project("{FAE04EC0-301F-11D3-BF4B-00C04F79EFBC}") = "Newtonsoft.Json.Net40", "Newtonsoft.Json\Newtonsoft.Json.Net40.csproj", "{A9AE40FF-1A21-414A-9FE7-3BE13644CC6D}"
EndProject
Project("{FAE04EC0-301F-11D3-BF4B-00C04F79EFBC}") = "Steamworks.NET", "Steamworks.NET\Standalone\Steamworks.NET.csproj", "{B3543600-587C-4FDC-994A-CB0BDC629A7E}"
EndProject
Global
	GlobalSection(SolutionConfigurationPlatforms) = preSolution
		Debug|Any CPU = Debug|Any CPU
		Debug|Mixed Platforms = Debug|Mixed Platforms
		Debug|Win32 = Debug|Win32
		Debug|x64 = Debug|x64
		Debug|x86 = Debug|x86
		Debug|Xbox 360 = Debug|Xbox 360
		MSTEST_DEBUG|Any CPU = MSTEST_DEBUG|Any CPU
		MSTEST_DEBUG|Mixed Platforms = MSTEST_DEBUG|Mixed Platforms
		MSTEST_DEBUG|Win32 = MSTEST_DEBUG|Win32
		MSTEST_DEBUG|x64 = MSTEST_DEBUG|x64
		MSTEST_DEBUG|x86 = MSTEST_DEBUG|x86
		MSTEST_DEBUG|Xbox 360 = MSTEST_DEBUG|Xbox 360
		MSTEST_RELEASE|Any CPU = MSTEST_RELEASE|Any CPU
		MSTEST_RELEASE|Mixed Platforms = MSTEST_RELEASE|Mixed Platforms
		MSTEST_RELEASE|Win32 = MSTEST_RELEASE|Win32
		MSTEST_RELEASE|x64 = MSTEST_RELEASE|x64
		MSTEST_RELEASE|x86 = MSTEST_RELEASE|x86
		MSTEST_RELEASE|Xbox 360 = MSTEST_RELEASE|Xbox 360
		NUNIT_DEBUG|Any CPU = NUNIT_DEBUG|Any CPU
		NUNIT_DEBUG|Mixed Platforms = NUNIT_DEBUG|Mixed Platforms
		NUNIT_DEBUG|Win32 = NUNIT_DEBUG|Win32
		NUNIT_DEBUG|x64 = NUNIT_DEBUG|x64
		NUNIT_DEBUG|x86 = NUNIT_DEBUG|x86
		NUNIT_DEBUG|Xbox 360 = NUNIT_DEBUG|Xbox 360
		NUNIT_RELEASE|Any CPU = NUNIT_RELEASE|Any CPU
		NUNIT_RELEASE|Mixed Platforms = NUNIT_RELEASE|Mixed Platforms
		NUNIT_RELEASE|Win32 = NUNIT_RELEASE|Win32
		NUNIT_RELEASE|x64 = NUNIT_RELEASE|x64
		NUNIT_RELEASE|x86 = NUNIT_RELEASE|x86
		NUNIT_RELEASE|Xbox 360 = NUNIT_RELEASE|Xbox 360
		OSX-Linux|Any CPU = OSX-Linux|Any CPU
		OSX-Linux|Mixed Platforms = OSX-Linux|Mixed Platforms
		OSX-Linux|Win32 = OSX-Linux|Win32
		OSX-Linux|x64 = OSX-Linux|x64
		OSX-Linux|x86 = OSX-Linux|x86
		OSX-Linux|Xbox 360 = OSX-Linux|Xbox 360
		Release|Any CPU = Release|Any CPU
		Release|Mixed Platforms = Release|Mixed Platforms
		Release|Win32 = Release|Win32
		Release|x64 = Release|x64
		Release|x86 = Release|x86
		Release|Xbox 360 = Release|Xbox 360
		Windows|Any CPU = Windows|Any CPU
		Windows|Mixed Platforms = Windows|Mixed Platforms
		Windows|Win32 = Windows|Win32
		Windows|x64 = Windows|x64
		Windows|x86 = Windows|x86
		Windows|Xbox 360 = Windows|Xbox 360
	EndGlobalSection
	GlobalSection(ProjectConfigurationPlatforms) = postSolution
		{3D2D163E-393B-4AFD-997B-143E909AC653}.Debug|Any CPU.ActiveCfg = Debug|x86
		{3D2D163E-393B-4AFD-997B-143E909AC653}.Debug|Mixed Platforms.ActiveCfg = Debug|x86
		{3D2D163E-393B-4AFD-997B-143E909AC653}.Debug|Mixed Platforms.Build.0 = Debug|x86
		{3D2D163E-393B-4AFD-997B-143E909AC653}.Debug|Win32.ActiveCfg = Debug|x86
		{3D2D163E-393B-4AFD-997B-143E909AC653}.Debug|x64.ActiveCfg = Debug|x86
		{3D2D163E-393B-4AFD-997B-143E909AC653}.Debug|x86.ActiveCfg = Debug|x86
		{3D2D163E-393B-4AFD-997B-143E909AC653}.Debug|x86.Build.0 = Debug|x86
		{3D2D163E-393B-4AFD-997B-143E909AC653}.Debug|Xbox 360.ActiveCfg = Debug|x86
		{3D2D163E-393B-4AFD-997B-143E909AC653}.MSTEST_DEBUG|Any CPU.ActiveCfg = Release|x86
		{3D2D163E-393B-4AFD-997B-143E909AC653}.MSTEST_DEBUG|Mixed Platforms.ActiveCfg = Release|x86
		{3D2D163E-393B-4AFD-997B-143E909AC653}.MSTEST_DEBUG|Mixed Platforms.Build.0 = Release|x86
		{3D2D163E-393B-4AFD-997B-143E909AC653}.MSTEST_DEBUG|Win32.ActiveCfg = Release|x86
		{3D2D163E-393B-4AFD-997B-143E909AC653}.MSTEST_DEBUG|x64.ActiveCfg = Release|x86
		{3D2D163E-393B-4AFD-997B-143E909AC653}.MSTEST_DEBUG|x86.ActiveCfg = Release|x86
		{3D2D163E-393B-4AFD-997B-143E909AC653}.MSTEST_DEBUG|x86.Build.0 = Release|x86
		{3D2D163E-393B-4AFD-997B-143E909AC653}.MSTEST_DEBUG|Xbox 360.ActiveCfg = Release|x86
		{3D2D163E-393B-4AFD-997B-143E909AC653}.MSTEST_RELEASE|Any CPU.ActiveCfg = Release|x86
		{3D2D163E-393B-4AFD-997B-143E909AC653}.MSTEST_RELEASE|Mixed Platforms.ActiveCfg = Release|x86
		{3D2D163E-393B-4AFD-997B-143E909AC653}.MSTEST_RELEASE|Mixed Platforms.Build.0 = Release|x86
		{3D2D163E-393B-4AFD-997B-143E909AC653}.MSTEST_RELEASE|Win32.ActiveCfg = Release|x86
		{3D2D163E-393B-4AFD-997B-143E909AC653}.MSTEST_RELEASE|x64.ActiveCfg = Release|x86
		{3D2D163E-393B-4AFD-997B-143E909AC653}.MSTEST_RELEASE|x86.ActiveCfg = Release|x86
		{3D2D163E-393B-4AFD-997B-143E909AC653}.MSTEST_RELEASE|x86.Build.0 = Release|x86
		{3D2D163E-393B-4AFD-997B-143E909AC653}.MSTEST_RELEASE|Xbox 360.ActiveCfg = Release|x86
		{3D2D163E-393B-4AFD-997B-143E909AC653}.NUNIT_DEBUG|Any CPU.ActiveCfg = Release|x86
		{3D2D163E-393B-4AFD-997B-143E909AC653}.NUNIT_DEBUG|Mixed Platforms.ActiveCfg = Release|x86
		{3D2D163E-393B-4AFD-997B-143E909AC653}.NUNIT_DEBUG|Mixed Platforms.Build.0 = Release|x86
		{3D2D163E-393B-4AFD-997B-143E909AC653}.NUNIT_DEBUG|Win32.ActiveCfg = Release|x86
		{3D2D163E-393B-4AFD-997B-143E909AC653}.NUNIT_DEBUG|x64.ActiveCfg = Release|x86
		{3D2D163E-393B-4AFD-997B-143E909AC653}.NUNIT_DEBUG|x86.ActiveCfg = Release|x86
		{3D2D163E-393B-4AFD-997B-143E909AC653}.NUNIT_DEBUG|x86.Build.0 = Release|x86
		{3D2D163E-393B-4AFD-997B-143E909AC653}.NUNIT_DEBUG|Xbox 360.ActiveCfg = Release|x86
		{3D2D163E-393B-4AFD-997B-143E909AC653}.NUNIT_RELEASE|Any CPU.ActiveCfg = Release|x86
		{3D2D163E-393B-4AFD-997B-143E909AC653}.NUNIT_RELEASE|Mixed Platforms.ActiveCfg = Release|x86
		{3D2D163E-393B-4AFD-997B-143E909AC653}.NUNIT_RELEASE|Mixed Platforms.Build.0 = Release|x86
		{3D2D163E-393B-4AFD-997B-143E909AC653}.NUNIT_RELEASE|Win32.ActiveCfg = Release|x86
		{3D2D163E-393B-4AFD-997B-143E909AC653}.NUNIT_RELEASE|x64.ActiveCfg = Release|x86
		{3D2D163E-393B-4AFD-997B-143E909AC653}.NUNIT_RELEASE|x86.ActiveCfg = Release|x86
		{3D2D163E-393B-4AFD-997B-143E909AC653}.NUNIT_RELEASE|x86.Build.0 = Release|x86
		{3D2D163E-393B-4AFD-997B-143E909AC653}.NUNIT_RELEASE|Xbox 360.ActiveCfg = Release|x86
		{3D2D163E-393B-4AFD-997B-143E909AC653}.OSX-Linux|Any CPU.ActiveCfg = Release|x86
		{3D2D163E-393B-4AFD-997B-143E909AC653}.OSX-Linux|Mixed Platforms.ActiveCfg = Release|x86
		{3D2D163E-393B-4AFD-997B-143E909AC653}.OSX-Linux|Mixed Platforms.Build.0 = Release|x86
		{3D2D163E-393B-4AFD-997B-143E909AC653}.OSX-Linux|Win32.ActiveCfg = Release|x86
		{3D2D163E-393B-4AFD-997B-143E909AC653}.OSX-Linux|Win32.Build.0 = Release|x86
		{3D2D163E-393B-4AFD-997B-143E909AC653}.OSX-Linux|x64.ActiveCfg = Release|x86
		{3D2D163E-393B-4AFD-997B-143E909AC653}.OSX-Linux|x86.ActiveCfg = Release|x86
		{3D2D163E-393B-4AFD-997B-143E909AC653}.OSX-Linux|x86.Build.0 = Release|x86
		{3D2D163E-393B-4AFD-997B-143E909AC653}.OSX-Linux|Xbox 360.ActiveCfg = Release|x86
		{3D2D163E-393B-4AFD-997B-143E909AC653}.Release|Any CPU.ActiveCfg = Release|x86
		{3D2D163E-393B-4AFD-997B-143E909AC653}.Release|Mixed Platforms.ActiveCfg = Release|x86
		{3D2D163E-393B-4AFD-997B-143E909AC653}.Release|Mixed Platforms.Build.0 = Release|x86
		{3D2D163E-393B-4AFD-997B-143E909AC653}.Release|Win32.ActiveCfg = Release|x86
		{3D2D163E-393B-4AFD-997B-143E909AC653}.Release|x64.ActiveCfg = Release|x86
		{3D2D163E-393B-4AFD-997B-143E909AC653}.Release|x86.ActiveCfg = Release|x86
		{3D2D163E-393B-4AFD-997B-143E909AC653}.Release|x86.Build.0 = Release|x86
		{3D2D163E-393B-4AFD-997B-143E909AC653}.Release|Xbox 360.ActiveCfg = Release|x86
		{3D2D163E-393B-4AFD-997B-143E909AC653}.Windows|Any CPU.ActiveCfg = Release|x86
		{3D2D163E-393B-4AFD-997B-143E909AC653}.Windows|Mixed Platforms.ActiveCfg = Release|x86
		{3D2D163E-393B-4AFD-997B-143E909AC653}.Windows|Mixed Platforms.Build.0 = Release|x86
		{3D2D163E-393B-4AFD-997B-143E909AC653}.Windows|Win32.ActiveCfg = Release|x86
		{3D2D163E-393B-4AFD-997B-143E909AC653}.Windows|Win32.Build.0 = Release|x86
		{3D2D163E-393B-4AFD-997B-143E909AC653}.Windows|x64.ActiveCfg = Release|x86
		{3D2D163E-393B-4AFD-997B-143E909AC653}.Windows|x86.ActiveCfg = Release|x86
		{3D2D163E-393B-4AFD-997B-143E909AC653}.Windows|x86.Build.0 = Release|x86
		{3D2D163E-393B-4AFD-997B-143E909AC653}.Windows|Xbox 360.ActiveCfg = Release|x86
		{6D5DBC4B-1DE9-47B2-92AF-546C5D1E4268}.Debug|Any CPU.ActiveCfg = Debug|Xbox 360
		{6D5DBC4B-1DE9-47B2-92AF-546C5D1E4268}.Debug|Mixed Platforms.ActiveCfg = Debug|Xbox 360
		{6D5DBC4B-1DE9-47B2-92AF-546C5D1E4268}.Debug|Win32.ActiveCfg = Debug|Xbox 360
		{6D5DBC4B-1DE9-47B2-92AF-546C5D1E4268}.Debug|x64.ActiveCfg = Debug|x86
		{6D5DBC4B-1DE9-47B2-92AF-546C5D1E4268}.Debug|x86.ActiveCfg = Debug|x86
		{6D5DBC4B-1DE9-47B2-92AF-546C5D1E4268}.Debug|Xbox 360.ActiveCfg = Debug|Xbox 360
		{6D5DBC4B-1DE9-47B2-92AF-546C5D1E4268}.MSTEST_DEBUG|Any CPU.ActiveCfg = Editor|Xbox 360
		{6D5DBC4B-1DE9-47B2-92AF-546C5D1E4268}.MSTEST_DEBUG|Mixed Platforms.ActiveCfg = Editor|Xbox 360
		{6D5DBC4B-1DE9-47B2-92AF-546C5D1E4268}.MSTEST_DEBUG|Win32.ActiveCfg = Editor|Xbox 360
		{6D5DBC4B-1DE9-47B2-92AF-546C5D1E4268}.MSTEST_DEBUG|x64.ActiveCfg = Editor|x86
		{6D5DBC4B-1DE9-47B2-92AF-546C5D1E4268}.MSTEST_DEBUG|x86.ActiveCfg = Editor|Xbox 360
		{6D5DBC4B-1DE9-47B2-92AF-546C5D1E4268}.MSTEST_DEBUG|Xbox 360.ActiveCfg = Editor|Xbox 360
		{6D5DBC4B-1DE9-47B2-92AF-546C5D1E4268}.MSTEST_RELEASE|Any CPU.ActiveCfg = Editor|Xbox 360
		{6D5DBC4B-1DE9-47B2-92AF-546C5D1E4268}.MSTEST_RELEASE|Mixed Platforms.ActiveCfg = Editor|Xbox 360
		{6D5DBC4B-1DE9-47B2-92AF-546C5D1E4268}.MSTEST_RELEASE|Win32.ActiveCfg = Editor|Xbox 360
		{6D5DBC4B-1DE9-47B2-92AF-546C5D1E4268}.MSTEST_RELEASE|x64.ActiveCfg = Editor|x86
		{6D5DBC4B-1DE9-47B2-92AF-546C5D1E4268}.MSTEST_RELEASE|x86.ActiveCfg = Editor|Xbox 360
		{6D5DBC4B-1DE9-47B2-92AF-546C5D1E4268}.MSTEST_RELEASE|Xbox 360.ActiveCfg = Editor|Xbox 360
		{6D5DBC4B-1DE9-47B2-92AF-546C5D1E4268}.NUNIT_DEBUG|Any CPU.ActiveCfg = Editor|Xbox 360
		{6D5DBC4B-1DE9-47B2-92AF-546C5D1E4268}.NUNIT_DEBUG|Mixed Platforms.ActiveCfg = Editor|Xbox 360
		{6D5DBC4B-1DE9-47B2-92AF-546C5D1E4268}.NUNIT_DEBUG|Win32.ActiveCfg = Editor|Xbox 360
		{6D5DBC4B-1DE9-47B2-92AF-546C5D1E4268}.NUNIT_DEBUG|x64.ActiveCfg = Editor|x86
		{6D5DBC4B-1DE9-47B2-92AF-546C5D1E4268}.NUNIT_DEBUG|x86.ActiveCfg = Editor|Xbox 360
		{6D5DBC4B-1DE9-47B2-92AF-546C5D1E4268}.NUNIT_DEBUG|Xbox 360.ActiveCfg = Editor|Xbox 360
		{6D5DBC4B-1DE9-47B2-92AF-546C5D1E4268}.NUNIT_RELEASE|Any CPU.ActiveCfg = Editor|Xbox 360
		{6D5DBC4B-1DE9-47B2-92AF-546C5D1E4268}.NUNIT_RELEASE|Mixed Platforms.ActiveCfg = Editor|Xbox 360
		{6D5DBC4B-1DE9-47B2-92AF-546C5D1E4268}.NUNIT_RELEASE|Win32.ActiveCfg = Editor|Xbox 360
		{6D5DBC4B-1DE9-47B2-92AF-546C5D1E4268}.NUNIT_RELEASE|x64.ActiveCfg = Editor|x86
		{6D5DBC4B-1DE9-47B2-92AF-546C5D1E4268}.NUNIT_RELEASE|x86.ActiveCfg = Editor|Xbox 360
		{6D5DBC4B-1DE9-47B2-92AF-546C5D1E4268}.NUNIT_RELEASE|Xbox 360.ActiveCfg = Editor|Xbox 360
		{6D5DBC4B-1DE9-47B2-92AF-546C5D1E4268}.OSX-Linux|Any CPU.ActiveCfg = Editor|x86
		{6D5DBC4B-1DE9-47B2-92AF-546C5D1E4268}.OSX-Linux|Mixed Platforms.ActiveCfg = Editor|x86
		{6D5DBC4B-1DE9-47B2-92AF-546C5D1E4268}.OSX-Linux|Win32.ActiveCfg = Editor|x86
		{6D5DBC4B-1DE9-47B2-92AF-546C5D1E4268}.OSX-Linux|x64.ActiveCfg = Editor|x86
		{6D5DBC4B-1DE9-47B2-92AF-546C5D1E4268}.OSX-Linux|x86.ActiveCfg = Editor|x86
		{6D5DBC4B-1DE9-47B2-92AF-546C5D1E4268}.OSX-Linux|Xbox 360.ActiveCfg = Release|Xbox 360
		{6D5DBC4B-1DE9-47B2-92AF-546C5D1E4268}.Release|Any CPU.ActiveCfg = Release|Xbox 360
		{6D5DBC4B-1DE9-47B2-92AF-546C5D1E4268}.Release|Mixed Platforms.ActiveCfg = Release|Xbox 360
		{6D5DBC4B-1DE9-47B2-92AF-546C5D1E4268}.Release|Win32.ActiveCfg = Release|Xbox 360
		{6D5DBC4B-1DE9-47B2-92AF-546C5D1E4268}.Release|x64.ActiveCfg = Release|x86
		{6D5DBC4B-1DE9-47B2-92AF-546C5D1E4268}.Release|x86.ActiveCfg = Release|x86
		{6D5DBC4B-1DE9-47B2-92AF-546C5D1E4268}.Release|Xbox 360.ActiveCfg = Release|Xbox 360
		{6D5DBC4B-1DE9-47B2-92AF-546C5D1E4268}.Windows|Any CPU.ActiveCfg = Editor|x86
		{6D5DBC4B-1DE9-47B2-92AF-546C5D1E4268}.Windows|Mixed Platforms.ActiveCfg = Editor|x86
		{6D5DBC4B-1DE9-47B2-92AF-546C5D1E4268}.Windows|Win32.ActiveCfg = Editor|x86
		{6D5DBC4B-1DE9-47B2-92AF-546C5D1E4268}.Windows|x64.ActiveCfg = Editor|x86
		{6D5DBC4B-1DE9-47B2-92AF-546C5D1E4268}.Windows|x86.ActiveCfg = Editor|x86
		{6D5DBC4B-1DE9-47B2-92AF-546C5D1E4268}.Windows|Xbox 360.ActiveCfg = Release|Xbox 360
		{882A32E7-CB48-4E63-8180-0D1859575723}.Debug|Any CPU.ActiveCfg = Debug|Any CPU
		{882A32E7-CB48-4E63-8180-0D1859575723}.Debug|Any CPU.Build.0 = Debug|Any CPU
		{882A32E7-CB48-4E63-8180-0D1859575723}.Debug|Mixed Platforms.ActiveCfg = Debug|Any CPU
		{882A32E7-CB48-4E63-8180-0D1859575723}.Debug|Mixed Platforms.Build.0 = Debug|Any CPU
		{882A32E7-CB48-4E63-8180-0D1859575723}.Debug|Win32.ActiveCfg = Debug|Any CPU
		{882A32E7-CB48-4E63-8180-0D1859575723}.Debug|x64.ActiveCfg = Debug|Any CPU
		{882A32E7-CB48-4E63-8180-0D1859575723}.Debug|x86.ActiveCfg = Debug|Any CPU
		{882A32E7-CB48-4E63-8180-0D1859575723}.Debug|x86.Build.0 = Debug|Any CPU
		{882A32E7-CB48-4E63-8180-0D1859575723}.Debug|Xbox 360.ActiveCfg = Debug|Any CPU
		{882A32E7-CB48-4E63-8180-0D1859575723}.MSTEST_DEBUG|Any CPU.ActiveCfg = Release|Any CPU
		{882A32E7-CB48-4E63-8180-0D1859575723}.MSTEST_DEBUG|Any CPU.Build.0 = Release|Any CPU
		{882A32E7-CB48-4E63-8180-0D1859575723}.MSTEST_DEBUG|Mixed Platforms.ActiveCfg = Release|Any CPU
		{882A32E7-CB48-4E63-8180-0D1859575723}.MSTEST_DEBUG|Mixed Platforms.Build.0 = Release|Any CPU
		{882A32E7-CB48-4E63-8180-0D1859575723}.MSTEST_DEBUG|Win32.ActiveCfg = Release|Any CPU
		{882A32E7-CB48-4E63-8180-0D1859575723}.MSTEST_DEBUG|x64.ActiveCfg = Release|Any CPU
		{882A32E7-CB48-4E63-8180-0D1859575723}.MSTEST_DEBUG|x86.ActiveCfg = Release|Any CPU
		{882A32E7-CB48-4E63-8180-0D1859575723}.MSTEST_DEBUG|Xbox 360.ActiveCfg = Release|Any CPU
		{882A32E7-CB48-4E63-8180-0D1859575723}.MSTEST_RELEASE|Any CPU.ActiveCfg = Release|Any CPU
		{882A32E7-CB48-4E63-8180-0D1859575723}.MSTEST_RELEASE|Any CPU.Build.0 = Release|Any CPU
		{882A32E7-CB48-4E63-8180-0D1859575723}.MSTEST_RELEASE|Mixed Platforms.ActiveCfg = Release|Any CPU
		{882A32E7-CB48-4E63-8180-0D1859575723}.MSTEST_RELEASE|Mixed Platforms.Build.0 = Release|Any CPU
		{882A32E7-CB48-4E63-8180-0D1859575723}.MSTEST_RELEASE|Win32.ActiveCfg = Release|Any CPU
		{882A32E7-CB48-4E63-8180-0D1859575723}.MSTEST_RELEASE|x64.ActiveCfg = Release|Any CPU
		{882A32E7-CB48-4E63-8180-0D1859575723}.MSTEST_RELEASE|x86.ActiveCfg = Release|Any CPU
		{882A32E7-CB48-4E63-8180-0D1859575723}.MSTEST_RELEASE|Xbox 360.ActiveCfg = Release|Any CPU
		{882A32E7-CB48-4E63-8180-0D1859575723}.NUNIT_DEBUG|Any CPU.ActiveCfg = Release|Any CPU
		{882A32E7-CB48-4E63-8180-0D1859575723}.NUNIT_DEBUG|Any CPU.Build.0 = Release|Any CPU
		{882A32E7-CB48-4E63-8180-0D1859575723}.NUNIT_DEBUG|Mixed Platforms.ActiveCfg = Release|Any CPU
		{882A32E7-CB48-4E63-8180-0D1859575723}.NUNIT_DEBUG|Mixed Platforms.Build.0 = Release|Any CPU
		{882A32E7-CB48-4E63-8180-0D1859575723}.NUNIT_DEBUG|Win32.ActiveCfg = Release|Any CPU
		{882A32E7-CB48-4E63-8180-0D1859575723}.NUNIT_DEBUG|x64.ActiveCfg = Release|Any CPU
		{882A32E7-CB48-4E63-8180-0D1859575723}.NUNIT_DEBUG|x86.ActiveCfg = Release|Any CPU
		{882A32E7-CB48-4E63-8180-0D1859575723}.NUNIT_DEBUG|Xbox 360.ActiveCfg = Release|Any CPU
		{882A32E7-CB48-4E63-8180-0D1859575723}.NUNIT_RELEASE|Any CPU.ActiveCfg = Release|Any CPU
		{882A32E7-CB48-4E63-8180-0D1859575723}.NUNIT_RELEASE|Any CPU.Build.0 = Release|Any CPU
		{882A32E7-CB48-4E63-8180-0D1859575723}.NUNIT_RELEASE|Mixed Platforms.ActiveCfg = Release|Any CPU
		{882A32E7-CB48-4E63-8180-0D1859575723}.NUNIT_RELEASE|Mixed Platforms.Build.0 = Release|Any CPU
		{882A32E7-CB48-4E63-8180-0D1859575723}.NUNIT_RELEASE|Win32.ActiveCfg = Release|Any CPU
		{882A32E7-CB48-4E63-8180-0D1859575723}.NUNIT_RELEASE|x64.ActiveCfg = Release|Any CPU
		{882A32E7-CB48-4E63-8180-0D1859575723}.NUNIT_RELEASE|x86.ActiveCfg = Release|Any CPU
		{882A32E7-CB48-4E63-8180-0D1859575723}.NUNIT_RELEASE|Xbox 360.ActiveCfg = Release|Any CPU
		{882A32E7-CB48-4E63-8180-0D1859575723}.OSX-Linux|Any CPU.ActiveCfg = Release|Any CPU
		{882A32E7-CB48-4E63-8180-0D1859575723}.OSX-Linux|Any CPU.Build.0 = Release|Any CPU
		{882A32E7-CB48-4E63-8180-0D1859575723}.OSX-Linux|Mixed Platforms.ActiveCfg = Release|Any CPU
		{882A32E7-CB48-4E63-8180-0D1859575723}.OSX-Linux|Mixed Platforms.Build.0 = Release|Any CPU
		{882A32E7-CB48-4E63-8180-0D1859575723}.OSX-Linux|Win32.ActiveCfg = Release|Any CPU
		{882A32E7-CB48-4E63-8180-0D1859575723}.OSX-Linux|x64.ActiveCfg = Release|Any CPU
		{882A32E7-CB48-4E63-8180-0D1859575723}.OSX-Linux|x86.ActiveCfg = Release|Any CPU
		{882A32E7-CB48-4E63-8180-0D1859575723}.OSX-Linux|Xbox 360.ActiveCfg = Release|Any CPU
		{882A32E7-CB48-4E63-8180-0D1859575723}.Release|Any CPU.ActiveCfg = Release|Any CPU
		{882A32E7-CB48-4E63-8180-0D1859575723}.Release|Any CPU.Build.0 = Release|Any CPU
		{882A32E7-CB48-4E63-8180-0D1859575723}.Release|Mixed Platforms.ActiveCfg = Release|Any CPU
		{882A32E7-CB48-4E63-8180-0D1859575723}.Release|Mixed Platforms.Build.0 = Release|Any CPU
		{882A32E7-CB48-4E63-8180-0D1859575723}.Release|Win32.ActiveCfg = Release|Any CPU
		{882A32E7-CB48-4E63-8180-0D1859575723}.Release|x64.ActiveCfg = Release|Any CPU
		{882A32E7-CB48-4E63-8180-0D1859575723}.Release|x86.ActiveCfg = Release|Any CPU
		{882A32E7-CB48-4E63-8180-0D1859575723}.Release|x86.Build.0 = Release|Any CPU
		{882A32E7-CB48-4E63-8180-0D1859575723}.Release|Xbox 360.ActiveCfg = Release|Any CPU
		{882A32E7-CB48-4E63-8180-0D1859575723}.Windows|Any CPU.ActiveCfg = Release|Any CPU
		{882A32E7-CB48-4E63-8180-0D1859575723}.Windows|Any CPU.Build.0 = Release|Any CPU
		{882A32E7-CB48-4E63-8180-0D1859575723}.Windows|Mixed Platforms.ActiveCfg = Release|Any CPU
		{882A32E7-CB48-4E63-8180-0D1859575723}.Windows|Mixed Platforms.Build.0 = Release|Any CPU
		{882A32E7-CB48-4E63-8180-0D1859575723}.Windows|Win32.ActiveCfg = Release|Any CPU
		{882A32E7-CB48-4E63-8180-0D1859575723}.Windows|x64.ActiveCfg = Release|Any CPU
		{882A32E7-CB48-4E63-8180-0D1859575723}.Windows|x86.ActiveCfg = Release|Any CPU
		{882A32E7-CB48-4E63-8180-0D1859575723}.Windows|Xbox 360.ActiveCfg = Release|Any CPU
		{4636C7E1-B845-4B83-B96D-64A11B8A4515}.Debug|Any CPU.ActiveCfg = Debug|x86
		{4636C7E1-B845-4B83-B96D-64A11B8A4515}.Debug|Any CPU.Build.0 = Debug|x86
		{4636C7E1-B845-4B83-B96D-64A11B8A4515}.Debug|Mixed Platforms.ActiveCfg = Debug|x86
		{4636C7E1-B845-4B83-B96D-64A11B8A4515}.Debug|Mixed Platforms.Build.0 = Debug|x86
		{4636C7E1-B845-4B83-B96D-64A11B8A4515}.Debug|Win32.ActiveCfg = Debug|x86
		{4636C7E1-B845-4B83-B96D-64A11B8A4515}.Debug|Win32.Build.0 = Debug|x86
		{4636C7E1-B845-4B83-B96D-64A11B8A4515}.Debug|x64.ActiveCfg = Debug|x86
		{4636C7E1-B845-4B83-B96D-64A11B8A4515}.Debug|x64.Build.0 = Debug|x86
		{4636C7E1-B845-4B83-B96D-64A11B8A4515}.Debug|x86.ActiveCfg = Debug|x86
		{4636C7E1-B845-4B83-B96D-64A11B8A4515}.Debug|x86.Build.0 = Debug|x86
		{4636C7E1-B845-4B83-B96D-64A11B8A4515}.Debug|Xbox 360.ActiveCfg = Debug|x86
		{4636C7E1-B845-4B83-B96D-64A11B8A4515}.Debug|Xbox 360.Build.0 = Debug|x86
		{4636C7E1-B845-4B83-B96D-64A11B8A4515}.MSTEST_DEBUG|Any CPU.ActiveCfg = Release|x86
		{4636C7E1-B845-4B83-B96D-64A11B8A4515}.MSTEST_DEBUG|Any CPU.Build.0 = Release|x86
		{4636C7E1-B845-4B83-B96D-64A11B8A4515}.MSTEST_DEBUG|Mixed Platforms.ActiveCfg = Release|x86
		{4636C7E1-B845-4B83-B96D-64A11B8A4515}.MSTEST_DEBUG|Mixed Platforms.Build.0 = Release|x86
		{4636C7E1-B845-4B83-B96D-64A11B8A4515}.MSTEST_DEBUG|Win32.ActiveCfg = Release|x86
		{4636C7E1-B845-4B83-B96D-64A11B8A4515}.MSTEST_DEBUG|Win32.Build.0 = Release|x86
		{4636C7E1-B845-4B83-B96D-64A11B8A4515}.MSTEST_DEBUG|x64.ActiveCfg = Release|x86
		{4636C7E1-B845-4B83-B96D-64A11B8A4515}.MSTEST_DEBUG|x64.Build.0 = Release|x86
		{4636C7E1-B845-4B83-B96D-64A11B8A4515}.MSTEST_DEBUG|x86.ActiveCfg = Release|x86
		{4636C7E1-B845-4B83-B96D-64A11B8A4515}.MSTEST_DEBUG|x86.Build.0 = Release|x86
		{4636C7E1-B845-4B83-B96D-64A11B8A4515}.MSTEST_DEBUG|Xbox 360.ActiveCfg = Release|x86
		{4636C7E1-B845-4B83-B96D-64A11B8A4515}.MSTEST_DEBUG|Xbox 360.Build.0 = Release|x86
		{4636C7E1-B845-4B83-B96D-64A11B8A4515}.MSTEST_RELEASE|Any CPU.ActiveCfg = Release|x86
		{4636C7E1-B845-4B83-B96D-64A11B8A4515}.MSTEST_RELEASE|Any CPU.Build.0 = Release|x86
		{4636C7E1-B845-4B83-B96D-64A11B8A4515}.MSTEST_RELEASE|Mixed Platforms.ActiveCfg = Release|x86
		{4636C7E1-B845-4B83-B96D-64A11B8A4515}.MSTEST_RELEASE|Mixed Platforms.Build.0 = Release|x86
		{4636C7E1-B845-4B83-B96D-64A11B8A4515}.MSTEST_RELEASE|Win32.ActiveCfg = Release|x86
		{4636C7E1-B845-4B83-B96D-64A11B8A4515}.MSTEST_RELEASE|Win32.Build.0 = Release|x86
		{4636C7E1-B845-4B83-B96D-64A11B8A4515}.MSTEST_RELEASE|x64.ActiveCfg = Release|x86
		{4636C7E1-B845-4B83-B96D-64A11B8A4515}.MSTEST_RELEASE|x64.Build.0 = Release|x86
		{4636C7E1-B845-4B83-B96D-64A11B8A4515}.MSTEST_RELEASE|x86.ActiveCfg = Release|x86
		{4636C7E1-B845-4B83-B96D-64A11B8A4515}.MSTEST_RELEASE|x86.Build.0 = Release|x86
		{4636C7E1-B845-4B83-B96D-64A11B8A4515}.MSTEST_RELEASE|Xbox 360.ActiveCfg = Release|x86
		{4636C7E1-B845-4B83-B96D-64A11B8A4515}.MSTEST_RELEASE|Xbox 360.Build.0 = Release|x86
		{4636C7E1-B845-4B83-B96D-64A11B8A4515}.NUNIT_DEBUG|Any CPU.ActiveCfg = Release|x86
		{4636C7E1-B845-4B83-B96D-64A11B8A4515}.NUNIT_DEBUG|Any CPU.Build.0 = Release|x86
		{4636C7E1-B845-4B83-B96D-64A11B8A4515}.NUNIT_DEBUG|Mixed Platforms.ActiveCfg = Release|x86
		{4636C7E1-B845-4B83-B96D-64A11B8A4515}.NUNIT_DEBUG|Mixed Platforms.Build.0 = Release|x86
		{4636C7E1-B845-4B83-B96D-64A11B8A4515}.NUNIT_DEBUG|Win32.ActiveCfg = Release|x86
		{4636C7E1-B845-4B83-B96D-64A11B8A4515}.NUNIT_DEBUG|Win32.Build.0 = Release|x86
		{4636C7E1-B845-4B83-B96D-64A11B8A4515}.NUNIT_DEBUG|x64.ActiveCfg = Release|x86
		{4636C7E1-B845-4B83-B96D-64A11B8A4515}.NUNIT_DEBUG|x64.Build.0 = Release|x86
		{4636C7E1-B845-4B83-B96D-64A11B8A4515}.NUNIT_DEBUG|x86.ActiveCfg = Release|x86
		{4636C7E1-B845-4B83-B96D-64A11B8A4515}.NUNIT_DEBUG|x86.Build.0 = Release|x86
		{4636C7E1-B845-4B83-B96D-64A11B8A4515}.NUNIT_DEBUG|Xbox 360.ActiveCfg = Release|x86
		{4636C7E1-B845-4B83-B96D-64A11B8A4515}.NUNIT_DEBUG|Xbox 360.Build.0 = Release|x86
		{4636C7E1-B845-4B83-B96D-64A11B8A4515}.NUNIT_RELEASE|Any CPU.ActiveCfg = Release|x86
		{4636C7E1-B845-4B83-B96D-64A11B8A4515}.NUNIT_RELEASE|Any CPU.Build.0 = Release|x86
		{4636C7E1-B845-4B83-B96D-64A11B8A4515}.NUNIT_RELEASE|Mixed Platforms.ActiveCfg = Release|x86
		{4636C7E1-B845-4B83-B96D-64A11B8A4515}.NUNIT_RELEASE|Mixed Platforms.Build.0 = Release|x86
		{4636C7E1-B845-4B83-B96D-64A11B8A4515}.NUNIT_RELEASE|Win32.ActiveCfg = Release|x86
		{4636C7E1-B845-4B83-B96D-64A11B8A4515}.NUNIT_RELEASE|Win32.Build.0 = Release|x86
		{4636C7E1-B845-4B83-B96D-64A11B8A4515}.NUNIT_RELEASE|x64.ActiveCfg = Release|x86
		{4636C7E1-B845-4B83-B96D-64A11B8A4515}.NUNIT_RELEASE|x64.Build.0 = Release|x86
		{4636C7E1-B845-4B83-B96D-64A11B8A4515}.NUNIT_RELEASE|x86.ActiveCfg = Release|x86
		{4636C7E1-B845-4B83-B96D-64A11B8A4515}.NUNIT_RELEASE|x86.Build.0 = Release|x86
		{4636C7E1-B845-4B83-B96D-64A11B8A4515}.NUNIT_RELEASE|Xbox 360.ActiveCfg = Release|x86
		{4636C7E1-B845-4B83-B96D-64A11B8A4515}.NUNIT_RELEASE|Xbox 360.Build.0 = Release|x86
		{4636C7E1-B845-4B83-B96D-64A11B8A4515}.OSX-Linux|Any CPU.ActiveCfg = Release|x86
		{4636C7E1-B845-4B83-B96D-64A11B8A4515}.OSX-Linux|Any CPU.Build.0 = Release|x86
		{4636C7E1-B845-4B83-B96D-64A11B8A4515}.OSX-Linux|Mixed Platforms.ActiveCfg = Release|x86
		{4636C7E1-B845-4B83-B96D-64A11B8A4515}.OSX-Linux|Mixed Platforms.Build.0 = Release|x86
		{4636C7E1-B845-4B83-B96D-64A11B8A4515}.OSX-Linux|Win32.ActiveCfg = Release|x86
		{4636C7E1-B845-4B83-B96D-64A11B8A4515}.OSX-Linux|Win32.Build.0 = Release|x86
		{4636C7E1-B845-4B83-B96D-64A11B8A4515}.OSX-Linux|x64.ActiveCfg = Release|x86
		{4636C7E1-B845-4B83-B96D-64A11B8A4515}.OSX-Linux|x64.Build.0 = Release|x86
		{4636C7E1-B845-4B83-B96D-64A11B8A4515}.OSX-Linux|x86.ActiveCfg = Release|x86
		{4636C7E1-B845-4B83-B96D-64A11B8A4515}.OSX-Linux|x86.Build.0 = Release|x86
		{4636C7E1-B845-4B83-B96D-64A11B8A4515}.OSX-Linux|Xbox 360.ActiveCfg = Release|x86
		{4636C7E1-B845-4B83-B96D-64A11B8A4515}.OSX-Linux|Xbox 360.Build.0 = Release|x86
		{4636C7E1-B845-4B83-B96D-64A11B8A4515}.Release|Any CPU.ActiveCfg = Release|x86
		{4636C7E1-B845-4B83-B96D-64A11B8A4515}.Release|Any CPU.Build.0 = Release|x86
		{4636C7E1-B845-4B83-B96D-64A11B8A4515}.Release|Mixed Platforms.ActiveCfg = Release|x86
		{4636C7E1-B845-4B83-B96D-64A11B8A4515}.Release|Mixed Platforms.Build.0 = Release|x86
		{4636C7E1-B845-4B83-B96D-64A11B8A4515}.Release|Mixed Platforms.Deploy.0 = Release|x86
		{4636C7E1-B845-4B83-B96D-64A11B8A4515}.Release|Win32.ActiveCfg = Release|x86
		{4636C7E1-B845-4B83-B96D-64A11B8A4515}.Release|Win32.Build.0 = Release|x86
		{4636C7E1-B845-4B83-B96D-64A11B8A4515}.Release|x64.ActiveCfg = Release|x86
		{4636C7E1-B845-4B83-B96D-64A11B8A4515}.Release|x64.Build.0 = Release|x86
		{4636C7E1-B845-4B83-B96D-64A11B8A4515}.Release|x86.ActiveCfg = Release|x86
		{4636C7E1-B845-4B83-B96D-64A11B8A4515}.Release|x86.Build.0 = Release|x86
		{4636C7E1-B845-4B83-B96D-64A11B8A4515}.Release|Xbox 360.ActiveCfg = Release|x86
		{4636C7E1-B845-4B83-B96D-64A11B8A4515}.Release|Xbox 360.Build.0 = Release|x86
		{4636C7E1-B845-4B83-B96D-64A11B8A4515}.Windows|Any CPU.ActiveCfg = Release|x86
		{4636C7E1-B845-4B83-B96D-64A11B8A4515}.Windows|Any CPU.Build.0 = Release|x86
		{4636C7E1-B845-4B83-B96D-64A11B8A4515}.Windows|Mixed Platforms.ActiveCfg = Release|x86
		{4636C7E1-B845-4B83-B96D-64A11B8A4515}.Windows|Mixed Platforms.Build.0 = Release|x86
		{4636C7E1-B845-4B83-B96D-64A11B8A4515}.Windows|Win32.ActiveCfg = Release|x86
		{4636C7E1-B845-4B83-B96D-64A11B8A4515}.Windows|Win32.Build.0 = Release|x86
		{4636C7E1-B845-4B83-B96D-64A11B8A4515}.Windows|x64.ActiveCfg = Release|x86
		{4636C7E1-B845-4B83-B96D-64A11B8A4515}.Windows|x64.Build.0 = Release|x86
		{4636C7E1-B845-4B83-B96D-64A11B8A4515}.Windows|x86.ActiveCfg = Release|x86
		{4636C7E1-B845-4B83-B96D-64A11B8A4515}.Windows|x86.Build.0 = Release|x86
		{4636C7E1-B845-4B83-B96D-64A11B8A4515}.Windows|Xbox 360.ActiveCfg = Release|x86
		{4636C7E1-B845-4B83-B96D-64A11B8A4515}.Windows|Xbox 360.Build.0 = Release|x86
		{2A9D2227-78D7-4804-B6D1-560BB43AE911}.Debug|Any CPU.ActiveCfg = Debug|x86
		{2A9D2227-78D7-4804-B6D1-560BB43AE911}.Debug|Mixed Platforms.ActiveCfg = Debug|x86
		{2A9D2227-78D7-4804-B6D1-560BB43AE911}.Debug|Mixed Platforms.Build.0 = Debug|x86
		{2A9D2227-78D7-4804-B6D1-560BB43AE911}.Debug|Win32.ActiveCfg = Debug|x86
		{2A9D2227-78D7-4804-B6D1-560BB43AE911}.Debug|x64.ActiveCfg = Debug|x86
		{2A9D2227-78D7-4804-B6D1-560BB43AE911}.Debug|x86.ActiveCfg = Debug|x86
		{2A9D2227-78D7-4804-B6D1-560BB43AE911}.Debug|x86.Build.0 = Debug|x86
		{2A9D2227-78D7-4804-B6D1-560BB43AE911}.Debug|Xbox 360.ActiveCfg = Debug|x86
		{2A9D2227-78D7-4804-B6D1-560BB43AE911}.MSTEST_DEBUG|Any CPU.ActiveCfg = Release|x86
		{2A9D2227-78D7-4804-B6D1-560BB43AE911}.MSTEST_DEBUG|Mixed Platforms.ActiveCfg = Release|x86
		{2A9D2227-78D7-4804-B6D1-560BB43AE911}.MSTEST_DEBUG|Mixed Platforms.Build.0 = Release|x86
		{2A9D2227-78D7-4804-B6D1-560BB43AE911}.MSTEST_DEBUG|Win32.ActiveCfg = Release|x86
		{2A9D2227-78D7-4804-B6D1-560BB43AE911}.MSTEST_DEBUG|x64.ActiveCfg = Release|x86
		{2A9D2227-78D7-4804-B6D1-560BB43AE911}.MSTEST_DEBUG|x86.ActiveCfg = Release|x86
		{2A9D2227-78D7-4804-B6D1-560BB43AE911}.MSTEST_DEBUG|x86.Build.0 = Release|x86
		{2A9D2227-78D7-4804-B6D1-560BB43AE911}.MSTEST_DEBUG|Xbox 360.ActiveCfg = Release|x86
		{2A9D2227-78D7-4804-B6D1-560BB43AE911}.MSTEST_RELEASE|Any CPU.ActiveCfg = Release|x86
		{2A9D2227-78D7-4804-B6D1-560BB43AE911}.MSTEST_RELEASE|Mixed Platforms.ActiveCfg = Release|x86
		{2A9D2227-78D7-4804-B6D1-560BB43AE911}.MSTEST_RELEASE|Mixed Platforms.Build.0 = Release|x86
		{2A9D2227-78D7-4804-B6D1-560BB43AE911}.MSTEST_RELEASE|Win32.ActiveCfg = Release|x86
		{2A9D2227-78D7-4804-B6D1-560BB43AE911}.MSTEST_RELEASE|x64.ActiveCfg = Release|x86
		{2A9D2227-78D7-4804-B6D1-560BB43AE911}.MSTEST_RELEASE|x86.ActiveCfg = Release|x86
		{2A9D2227-78D7-4804-B6D1-560BB43AE911}.MSTEST_RELEASE|x86.Build.0 = Release|x86
		{2A9D2227-78D7-4804-B6D1-560BB43AE911}.MSTEST_RELEASE|Xbox 360.ActiveCfg = Release|x86
		{2A9D2227-78D7-4804-B6D1-560BB43AE911}.NUNIT_DEBUG|Any CPU.ActiveCfg = Release|x86
		{2A9D2227-78D7-4804-B6D1-560BB43AE911}.NUNIT_DEBUG|Mixed Platforms.ActiveCfg = Release|x86
		{2A9D2227-78D7-4804-B6D1-560BB43AE911}.NUNIT_DEBUG|Mixed Platforms.Build.0 = Release|x86
		{2A9D2227-78D7-4804-B6D1-560BB43AE911}.NUNIT_DEBUG|Win32.ActiveCfg = Release|x86
		{2A9D2227-78D7-4804-B6D1-560BB43AE911}.NUNIT_DEBUG|x64.ActiveCfg = Release|x86
		{2A9D2227-78D7-4804-B6D1-560BB43AE911}.NUNIT_DEBUG|x86.ActiveCfg = Release|x86
		{2A9D2227-78D7-4804-B6D1-560BB43AE911}.NUNIT_DEBUG|x86.Build.0 = Release|x86
		{2A9D2227-78D7-4804-B6D1-560BB43AE911}.NUNIT_DEBUG|Xbox 360.ActiveCfg = Release|x86
		{2A9D2227-78D7-4804-B6D1-560BB43AE911}.NUNIT_RELEASE|Any CPU.ActiveCfg = Release|x86
		{2A9D2227-78D7-4804-B6D1-560BB43AE911}.NUNIT_RELEASE|Mixed Platforms.ActiveCfg = Release|x86
		{2A9D2227-78D7-4804-B6D1-560BB43AE911}.NUNIT_RELEASE|Mixed Platforms.Build.0 = Release|x86
		{2A9D2227-78D7-4804-B6D1-560BB43AE911}.NUNIT_RELEASE|Win32.ActiveCfg = Release|x86
		{2A9D2227-78D7-4804-B6D1-560BB43AE911}.NUNIT_RELEASE|x64.ActiveCfg = Release|x86
		{2A9D2227-78D7-4804-B6D1-560BB43AE911}.NUNIT_RELEASE|x86.ActiveCfg = Release|x86
		{2A9D2227-78D7-4804-B6D1-560BB43AE911}.NUNIT_RELEASE|x86.Build.0 = Release|x86
		{2A9D2227-78D7-4804-B6D1-560BB43AE911}.NUNIT_RELEASE|Xbox 360.ActiveCfg = Release|x86
		{2A9D2227-78D7-4804-B6D1-560BB43AE911}.OSX-Linux|Any CPU.ActiveCfg = Release|x86
		{2A9D2227-78D7-4804-B6D1-560BB43AE911}.OSX-Linux|Mixed Platforms.ActiveCfg = Release|x86
		{2A9D2227-78D7-4804-B6D1-560BB43AE911}.OSX-Linux|Mixed Platforms.Build.0 = Release|x86
		{2A9D2227-78D7-4804-B6D1-560BB43AE911}.OSX-Linux|Win32.ActiveCfg = Release|x86
		{2A9D2227-78D7-4804-B6D1-560BB43AE911}.OSX-Linux|Win32.Build.0 = Release|x86
		{2A9D2227-78D7-4804-B6D1-560BB43AE911}.OSX-Linux|x64.ActiveCfg = Release|x86
		{2A9D2227-78D7-4804-B6D1-560BB43AE911}.OSX-Linux|x86.ActiveCfg = Release|x86
		{2A9D2227-78D7-4804-B6D1-560BB43AE911}.OSX-Linux|x86.Build.0 = Release|x86
		{2A9D2227-78D7-4804-B6D1-560BB43AE911}.OSX-Linux|Xbox 360.ActiveCfg = Release|x86
		{2A9D2227-78D7-4804-B6D1-560BB43AE911}.Release|Any CPU.ActiveCfg = Release|x86
		{2A9D2227-78D7-4804-B6D1-560BB43AE911}.Release|Mixed Platforms.ActiveCfg = Release|x86
		{2A9D2227-78D7-4804-B6D1-560BB43AE911}.Release|Mixed Platforms.Build.0 = Release|x86
		{2A9D2227-78D7-4804-B6D1-560BB43AE911}.Release|Win32.ActiveCfg = Release|x86
		{2A9D2227-78D7-4804-B6D1-560BB43AE911}.Release|x64.ActiveCfg = Release|x86
		{2A9D2227-78D7-4804-B6D1-560BB43AE911}.Release|x86.ActiveCfg = Release|x86
		{2A9D2227-78D7-4804-B6D1-560BB43AE911}.Release|x86.Build.0 = Release|x86
		{2A9D2227-78D7-4804-B6D1-560BB43AE911}.Release|Xbox 360.ActiveCfg = Release|x86
		{2A9D2227-78D7-4804-B6D1-560BB43AE911}.Windows|Any CPU.ActiveCfg = Release|x86
		{2A9D2227-78D7-4804-B6D1-560BB43AE911}.Windows|Mixed Platforms.ActiveCfg = Release|x86
		{2A9D2227-78D7-4804-B6D1-560BB43AE911}.Windows|Mixed Platforms.Build.0 = Release|x86
		{2A9D2227-78D7-4804-B6D1-560BB43AE911}.Windows|Win32.ActiveCfg = Release|x86
		{2A9D2227-78D7-4804-B6D1-560BB43AE911}.Windows|Win32.Build.0 = Release|x86
		{2A9D2227-78D7-4804-B6D1-560BB43AE911}.Windows|x64.ActiveCfg = Release|x86
		{2A9D2227-78D7-4804-B6D1-560BB43AE911}.Windows|x86.ActiveCfg = Release|x86
		{2A9D2227-78D7-4804-B6D1-560BB43AE911}.Windows|x86.Build.0 = Release|x86
		{2A9D2227-78D7-4804-B6D1-560BB43AE911}.Windows|Xbox 360.ActiveCfg = Release|x86
		{E3AAEB61-D7DF-4E7E-A75B-B5282D2FF3F5}.Debug|Any CPU.ActiveCfg = Debug|x86
		{E3AAEB61-D7DF-4E7E-A75B-B5282D2FF3F5}.Debug|Mixed Platforms.ActiveCfg = Debug|x86
		{E3AAEB61-D7DF-4E7E-A75B-B5282D2FF3F5}.Debug|Mixed Platforms.Build.0 = Debug|x86
		{E3AAEB61-D7DF-4E7E-A75B-B5282D2FF3F5}.Debug|Win32.ActiveCfg = Debug|x86
		{E3AAEB61-D7DF-4E7E-A75B-B5282D2FF3F5}.Debug|x64.ActiveCfg = Debug|x86
		{E3AAEB61-D7DF-4E7E-A75B-B5282D2FF3F5}.Debug|x86.ActiveCfg = Debug|x86
		{E3AAEB61-D7DF-4E7E-A75B-B5282D2FF3F5}.Debug|x86.Build.0 = Debug|x86
		{E3AAEB61-D7DF-4E7E-A75B-B5282D2FF3F5}.Debug|Xbox 360.ActiveCfg = Debug|x86
		{E3AAEB61-D7DF-4E7E-A75B-B5282D2FF3F5}.MSTEST_DEBUG|Any CPU.ActiveCfg = Release|x86
		{E3AAEB61-D7DF-4E7E-A75B-B5282D2FF3F5}.MSTEST_DEBUG|Mixed Platforms.ActiveCfg = Release|x86
		{E3AAEB61-D7DF-4E7E-A75B-B5282D2FF3F5}.MSTEST_DEBUG|Mixed Platforms.Build.0 = Release|x86
		{E3AAEB61-D7DF-4E7E-A75B-B5282D2FF3F5}.MSTEST_DEBUG|Win32.ActiveCfg = Release|x86
		{E3AAEB61-D7DF-4E7E-A75B-B5282D2FF3F5}.MSTEST_DEBUG|x64.ActiveCfg = Release|x86
		{E3AAEB61-D7DF-4E7E-A75B-B5282D2FF3F5}.MSTEST_DEBUG|x86.ActiveCfg = Release|x86
		{E3AAEB61-D7DF-4E7E-A75B-B5282D2FF3F5}.MSTEST_DEBUG|x86.Build.0 = Release|x86
		{E3AAEB61-D7DF-4E7E-A75B-B5282D2FF3F5}.MSTEST_DEBUG|Xbox 360.ActiveCfg = Release|x86
		{E3AAEB61-D7DF-4E7E-A75B-B5282D2FF3F5}.MSTEST_RELEASE|Any CPU.ActiveCfg = Release|x86
		{E3AAEB61-D7DF-4E7E-A75B-B5282D2FF3F5}.MSTEST_RELEASE|Mixed Platforms.ActiveCfg = Release|x86
		{E3AAEB61-D7DF-4E7E-A75B-B5282D2FF3F5}.MSTEST_RELEASE|Mixed Platforms.Build.0 = Release|x86
		{E3AAEB61-D7DF-4E7E-A75B-B5282D2FF3F5}.MSTEST_RELEASE|Win32.ActiveCfg = Release|x86
		{E3AAEB61-D7DF-4E7E-A75B-B5282D2FF3F5}.MSTEST_RELEASE|x64.ActiveCfg = Release|x86
		{E3AAEB61-D7DF-4E7E-A75B-B5282D2FF3F5}.MSTEST_RELEASE|x86.ActiveCfg = Release|x86
		{E3AAEB61-D7DF-4E7E-A75B-B5282D2FF3F5}.MSTEST_RELEASE|x86.Build.0 = Release|x86
		{E3AAEB61-D7DF-4E7E-A75B-B5282D2FF3F5}.MSTEST_RELEASE|Xbox 360.ActiveCfg = Release|x86
		{E3AAEB61-D7DF-4E7E-A75B-B5282D2FF3F5}.NUNIT_DEBUG|Any CPU.ActiveCfg = Release|x86
		{E3AAEB61-D7DF-4E7E-A75B-B5282D2FF3F5}.NUNIT_DEBUG|Mixed Platforms.ActiveCfg = Release|x86
		{E3AAEB61-D7DF-4E7E-A75B-B5282D2FF3F5}.NUNIT_DEBUG|Mixed Platforms.Build.0 = Release|x86
		{E3AAEB61-D7DF-4E7E-A75B-B5282D2FF3F5}.NUNIT_DEBUG|Win32.ActiveCfg = Release|x86
		{E3AAEB61-D7DF-4E7E-A75B-B5282D2FF3F5}.NUNIT_DEBUG|x64.ActiveCfg = Release|x86
		{E3AAEB61-D7DF-4E7E-A75B-B5282D2FF3F5}.NUNIT_DEBUG|x86.ActiveCfg = Release|x86
		{E3AAEB61-D7DF-4E7E-A75B-B5282D2FF3F5}.NUNIT_DEBUG|x86.Build.0 = Release|x86
		{E3AAEB61-D7DF-4E7E-A75B-B5282D2FF3F5}.NUNIT_DEBUG|Xbox 360.ActiveCfg = Release|x86
		{E3AAEB61-D7DF-4E7E-A75B-B5282D2FF3F5}.NUNIT_RELEASE|Any CPU.ActiveCfg = Release|x86
		{E3AAEB61-D7DF-4E7E-A75B-B5282D2FF3F5}.NUNIT_RELEASE|Mixed Platforms.ActiveCfg = Release|x86
		{E3AAEB61-D7DF-4E7E-A75B-B5282D2FF3F5}.NUNIT_RELEASE|Mixed Platforms.Build.0 = Release|x86
		{E3AAEB61-D7DF-4E7E-A75B-B5282D2FF3F5}.NUNIT_RELEASE|Win32.ActiveCfg = Release|x86
		{E3AAEB61-D7DF-4E7E-A75B-B5282D2FF3F5}.NUNIT_RELEASE|x64.ActiveCfg = Release|x86
		{E3AAEB61-D7DF-4E7E-A75B-B5282D2FF3F5}.NUNIT_RELEASE|x86.ActiveCfg = Release|x86
		{E3AAEB61-D7DF-4E7E-A75B-B5282D2FF3F5}.NUNIT_RELEASE|x86.Build.0 = Release|x86
		{E3AAEB61-D7DF-4E7E-A75B-B5282D2FF3F5}.NUNIT_RELEASE|Xbox 360.ActiveCfg = Release|x86
		{E3AAEB61-D7DF-4E7E-A75B-B5282D2FF3F5}.OSX-Linux|Any CPU.ActiveCfg = Release|x86
		{E3AAEB61-D7DF-4E7E-A75B-B5282D2FF3F5}.OSX-Linux|Mixed Platforms.ActiveCfg = Release|x86
		{E3AAEB61-D7DF-4E7E-A75B-B5282D2FF3F5}.OSX-Linux|Mixed Platforms.Build.0 = Release|x86
		{E3AAEB61-D7DF-4E7E-A75B-B5282D2FF3F5}.OSX-Linux|Win32.ActiveCfg = Release|x86
		{E3AAEB61-D7DF-4E7E-A75B-B5282D2FF3F5}.OSX-Linux|Win32.Build.0 = Release|x86
		{E3AAEB61-D7DF-4E7E-A75B-B5282D2FF3F5}.OSX-Linux|x64.ActiveCfg = Release|x86
		{E3AAEB61-D7DF-4E7E-A75B-B5282D2FF3F5}.OSX-Linux|x86.ActiveCfg = Release|x86
		{E3AAEB61-D7DF-4E7E-A75B-B5282D2FF3F5}.OSX-Linux|x86.Build.0 = Release|x86
		{E3AAEB61-D7DF-4E7E-A75B-B5282D2FF3F5}.OSX-Linux|Xbox 360.ActiveCfg = Release|x86
		{E3AAEB61-D7DF-4E7E-A75B-B5282D2FF3F5}.Release|Any CPU.ActiveCfg = Release|x86
		{E3AAEB61-D7DF-4E7E-A75B-B5282D2FF3F5}.Release|Mixed Platforms.ActiveCfg = Release|x86
		{E3AAEB61-D7DF-4E7E-A75B-B5282D2FF3F5}.Release|Mixed Platforms.Build.0 = Release|x86
		{E3AAEB61-D7DF-4E7E-A75B-B5282D2FF3F5}.Release|Win32.ActiveCfg = Release|x86
		{E3AAEB61-D7DF-4E7E-A75B-B5282D2FF3F5}.Release|x64.ActiveCfg = Release|x86
		{E3AAEB61-D7DF-4E7E-A75B-B5282D2FF3F5}.Release|x86.ActiveCfg = Release|x86
		{E3AAEB61-D7DF-4E7E-A75B-B5282D2FF3F5}.Release|x86.Build.0 = Release|x86
		{E3AAEB61-D7DF-4E7E-A75B-B5282D2FF3F5}.Release|Xbox 360.ActiveCfg = Release|x86
		{E3AAEB61-D7DF-4E7E-A75B-B5282D2FF3F5}.Windows|Any CPU.ActiveCfg = Release|x86
		{E3AAEB61-D7DF-4E7E-A75B-B5282D2FF3F5}.Windows|Mixed Platforms.ActiveCfg = Release|x86
		{E3AAEB61-D7DF-4E7E-A75B-B5282D2FF3F5}.Windows|Mixed Platforms.Build.0 = Release|x86
		{E3AAEB61-D7DF-4E7E-A75B-B5282D2FF3F5}.Windows|Win32.ActiveCfg = Release|x86
		{E3AAEB61-D7DF-4E7E-A75B-B5282D2FF3F5}.Windows|Win32.Build.0 = Release|x86
		{E3AAEB61-D7DF-4E7E-A75B-B5282D2FF3F5}.Windows|x64.ActiveCfg = Release|x86
		{E3AAEB61-D7DF-4E7E-A75B-B5282D2FF3F5}.Windows|x86.ActiveCfg = Release|x86
		{E3AAEB61-D7DF-4E7E-A75B-B5282D2FF3F5}.Windows|x86.Build.0 = Release|x86
		{E3AAEB61-D7DF-4E7E-A75B-B5282D2FF3F5}.Windows|Xbox 360.ActiveCfg = Release|x86
		{D487DC94-C8CB-44EB-8A6C-026D03936D1A}.Debug|Any CPU.ActiveCfg = Debug|Any CPU
		{D487DC94-C8CB-44EB-8A6C-026D03936D1A}.Debug|Mixed Platforms.ActiveCfg = Debug|Any CPU
		{D487DC94-C8CB-44EB-8A6C-026D03936D1A}.Debug|Win32.ActiveCfg = Debug|Any CPU
		{D487DC94-C8CB-44EB-8A6C-026D03936D1A}.Debug|x64.ActiveCfg = Debug|Any CPU
		{D487DC94-C8CB-44EB-8A6C-026D03936D1A}.Debug|x86.ActiveCfg = Debug|Any CPU
		{D487DC94-C8CB-44EB-8A6C-026D03936D1A}.Debug|Xbox 360.ActiveCfg = Debug|Any CPU
		{D487DC94-C8CB-44EB-8A6C-026D03936D1A}.MSTEST_DEBUG|Any CPU.ActiveCfg = Debug|Any CPU
		{D487DC94-C8CB-44EB-8A6C-026D03936D1A}.MSTEST_DEBUG|Mixed Platforms.ActiveCfg = Debug|Any CPU
		{D487DC94-C8CB-44EB-8A6C-026D03936D1A}.MSTEST_DEBUG|Win32.ActiveCfg = Debug|Any CPU
		{D487DC94-C8CB-44EB-8A6C-026D03936D1A}.MSTEST_DEBUG|x64.ActiveCfg = Debug|Any CPU
		{D487DC94-C8CB-44EB-8A6C-026D03936D1A}.MSTEST_DEBUG|x86.ActiveCfg = Debug|Any CPU
		{D487DC94-C8CB-44EB-8A6C-026D03936D1A}.MSTEST_DEBUG|Xbox 360.ActiveCfg = Debug|Any CPU
		{D487DC94-C8CB-44EB-8A6C-026D03936D1A}.MSTEST_RELEASE|Any CPU.ActiveCfg = Debug|Any CPU
		{D487DC94-C8CB-44EB-8A6C-026D03936D1A}.MSTEST_RELEASE|Mixed Platforms.ActiveCfg = Debug|Any CPU
		{D487DC94-C8CB-44EB-8A6C-026D03936D1A}.MSTEST_RELEASE|Win32.ActiveCfg = Debug|Any CPU
		{D487DC94-C8CB-44EB-8A6C-026D03936D1A}.MSTEST_RELEASE|x64.ActiveCfg = Debug|Any CPU
		{D487DC94-C8CB-44EB-8A6C-026D03936D1A}.MSTEST_RELEASE|x86.ActiveCfg = Debug|Any CPU
		{D487DC94-C8CB-44EB-8A6C-026D03936D1A}.MSTEST_RELEASE|Xbox 360.ActiveCfg = Debug|Any CPU
		{D487DC94-C8CB-44EB-8A6C-026D03936D1A}.NUNIT_DEBUG|Any CPU.ActiveCfg = Debug|Any CPU
		{D487DC94-C8CB-44EB-8A6C-026D03936D1A}.NUNIT_DEBUG|Mixed Platforms.ActiveCfg = Debug|Any CPU
		{D487DC94-C8CB-44EB-8A6C-026D03936D1A}.NUNIT_DEBUG|Win32.ActiveCfg = Debug|Any CPU
		{D487DC94-C8CB-44EB-8A6C-026D03936D1A}.NUNIT_DEBUG|x64.ActiveCfg = Debug|Any CPU
		{D487DC94-C8CB-44EB-8A6C-026D03936D1A}.NUNIT_DEBUG|x86.ActiveCfg = Debug|Any CPU
		{D487DC94-C8CB-44EB-8A6C-026D03936D1A}.NUNIT_DEBUG|Xbox 360.ActiveCfg = Debug|Any CPU
		{D487DC94-C8CB-44EB-8A6C-026D03936D1A}.NUNIT_RELEASE|Any CPU.ActiveCfg = Debug|Any CPU
		{D487DC94-C8CB-44EB-8A6C-026D03936D1A}.NUNIT_RELEASE|Mixed Platforms.ActiveCfg = Debug|Any CPU
		{D487DC94-C8CB-44EB-8A6C-026D03936D1A}.NUNIT_RELEASE|Win32.ActiveCfg = Debug|Any CPU
		{D487DC94-C8CB-44EB-8A6C-026D03936D1A}.NUNIT_RELEASE|x64.ActiveCfg = Debug|Any CPU
		{D487DC94-C8CB-44EB-8A6C-026D03936D1A}.NUNIT_RELEASE|x86.ActiveCfg = Debug|Any CPU
		{D487DC94-C8CB-44EB-8A6C-026D03936D1A}.NUNIT_RELEASE|Xbox 360.ActiveCfg = Debug|Any CPU
		{D487DC94-C8CB-44EB-8A6C-026D03936D1A}.OSX-Linux|Any CPU.ActiveCfg = Debug|Any CPU
		{D487DC94-C8CB-44EB-8A6C-026D03936D1A}.OSX-Linux|Mixed Platforms.ActiveCfg = Debug|Any CPU
		{D487DC94-C8CB-44EB-8A6C-026D03936D1A}.OSX-Linux|Win32.ActiveCfg = Debug|Any CPU
		{D487DC94-C8CB-44EB-8A6C-026D03936D1A}.OSX-Linux|x64.ActiveCfg = Debug|Any CPU
		{D487DC94-C8CB-44EB-8A6C-026D03936D1A}.OSX-Linux|x86.ActiveCfg = Debug|Any CPU
		{D487DC94-C8CB-44EB-8A6C-026D03936D1A}.OSX-Linux|Xbox 360.ActiveCfg = Debug|Any CPU
		{D487DC94-C8CB-44EB-8A6C-026D03936D1A}.Release|Any CPU.ActiveCfg = Debug|Any CPU
		{D487DC94-C8CB-44EB-8A6C-026D03936D1A}.Release|Mixed Platforms.ActiveCfg = Debug|Any CPU
		{D487DC94-C8CB-44EB-8A6C-026D03936D1A}.Release|Win32.ActiveCfg = Debug|Any CPU
		{D487DC94-C8CB-44EB-8A6C-026D03936D1A}.Release|x64.ActiveCfg = Debug|Any CPU
		{D487DC94-C8CB-44EB-8A6C-026D03936D1A}.Release|x86.ActiveCfg = Debug|Any CPU
		{D487DC94-C8CB-44EB-8A6C-026D03936D1A}.Release|Xbox 360.ActiveCfg = Debug|Any CPU
		{D487DC94-C8CB-44EB-8A6C-026D03936D1A}.Windows|Any CPU.ActiveCfg = Debug|Any CPU
		{D487DC94-C8CB-44EB-8A6C-026D03936D1A}.Windows|Mixed Platforms.ActiveCfg = Debug|Any CPU
		{D487DC94-C8CB-44EB-8A6C-026D03936D1A}.Windows|Win32.ActiveCfg = Debug|Any CPU
		{D487DC94-C8CB-44EB-8A6C-026D03936D1A}.Windows|x64.ActiveCfg = Debug|Any CPU
		{D487DC94-C8CB-44EB-8A6C-026D03936D1A}.Windows|x86.ActiveCfg = Debug|Any CPU
		{D487DC94-C8CB-44EB-8A6C-026D03936D1A}.Windows|Xbox 360.ActiveCfg = Debug|Any CPU
		{4CB0690E-3E7A-497C-9116-D52024F63195}.Debug|Any CPU.ActiveCfg = Debug|Any CPU
		{4CB0690E-3E7A-497C-9116-D52024F63195}.Debug|Any CPU.Build.0 = Debug|Any CPU
		{4CB0690E-3E7A-497C-9116-D52024F63195}.Debug|Mixed Platforms.ActiveCfg = Debug|Any CPU
		{4CB0690E-3E7A-497C-9116-D52024F63195}.Debug|Mixed Platforms.Build.0 = Debug|Any CPU
		{4CB0690E-3E7A-497C-9116-D52024F63195}.Debug|Win32.ActiveCfg = Debug|Any CPU
		{4CB0690E-3E7A-497C-9116-D52024F63195}.Debug|x64.ActiveCfg = Debug|Any CPU
		{4CB0690E-3E7A-497C-9116-D52024F63195}.Debug|x86.ActiveCfg = Debug|Any CPU
		{4CB0690E-3E7A-497C-9116-D52024F63195}.Debug|x86.Build.0 = Debug|Any CPU
		{4CB0690E-3E7A-497C-9116-D52024F63195}.Debug|Xbox 360.ActiveCfg = Debug|Any CPU
		{4CB0690E-3E7A-497C-9116-D52024F63195}.MSTEST_DEBUG|Any CPU.ActiveCfg = MSTEST_DEBUG|Any CPU
		{4CB0690E-3E7A-497C-9116-D52024F63195}.MSTEST_DEBUG|Any CPU.Build.0 = MSTEST_DEBUG|Any CPU
		{4CB0690E-3E7A-497C-9116-D52024F63195}.MSTEST_DEBUG|Mixed Platforms.ActiveCfg = MSTEST_DEBUG|Any CPU
		{4CB0690E-3E7A-497C-9116-D52024F63195}.MSTEST_DEBUG|Mixed Platforms.Build.0 = MSTEST_DEBUG|Any CPU
		{4CB0690E-3E7A-497C-9116-D52024F63195}.MSTEST_DEBUG|Win32.ActiveCfg = MSTEST_DEBUG|Any CPU
		{4CB0690E-3E7A-497C-9116-D52024F63195}.MSTEST_DEBUG|x64.ActiveCfg = MSTEST_DEBUG|Any CPU
		{4CB0690E-3E7A-497C-9116-D52024F63195}.MSTEST_DEBUG|x86.ActiveCfg = MSTEST_DEBUG|Any CPU
		{4CB0690E-3E7A-497C-9116-D52024F63195}.MSTEST_DEBUG|Xbox 360.ActiveCfg = MSTEST_DEBUG|Any CPU
		{4CB0690E-3E7A-497C-9116-D52024F63195}.MSTEST_RELEASE|Any CPU.ActiveCfg = MSTEST_RELEASE|Any CPU
		{4CB0690E-3E7A-497C-9116-D52024F63195}.MSTEST_RELEASE|Any CPU.Build.0 = MSTEST_RELEASE|Any CPU
		{4CB0690E-3E7A-497C-9116-D52024F63195}.MSTEST_RELEASE|Mixed Platforms.ActiveCfg = MSTEST_RELEASE|Any CPU
		{4CB0690E-3E7A-497C-9116-D52024F63195}.MSTEST_RELEASE|Mixed Platforms.Build.0 = MSTEST_RELEASE|Any CPU
		{4CB0690E-3E7A-497C-9116-D52024F63195}.MSTEST_RELEASE|Win32.ActiveCfg = MSTEST_RELEASE|Any CPU
		{4CB0690E-3E7A-497C-9116-D52024F63195}.MSTEST_RELEASE|x64.ActiveCfg = MSTEST_RELEASE|Any CPU
		{4CB0690E-3E7A-497C-9116-D52024F63195}.MSTEST_RELEASE|x86.ActiveCfg = MSTEST_RELEASE|Any CPU
		{4CB0690E-3E7A-497C-9116-D52024F63195}.MSTEST_RELEASE|Xbox 360.ActiveCfg = MSTEST_RELEASE|Any CPU
		{4CB0690E-3E7A-497C-9116-D52024F63195}.NUNIT_DEBUG|Any CPU.ActiveCfg = NUNIT_DEBUG|Any CPU
		{4CB0690E-3E7A-497C-9116-D52024F63195}.NUNIT_DEBUG|Any CPU.Build.0 = NUNIT_DEBUG|Any CPU
		{4CB0690E-3E7A-497C-9116-D52024F63195}.NUNIT_DEBUG|Mixed Platforms.ActiveCfg = NUNIT_DEBUG|Any CPU
		{4CB0690E-3E7A-497C-9116-D52024F63195}.NUNIT_DEBUG|Mixed Platforms.Build.0 = NUNIT_DEBUG|Any CPU
		{4CB0690E-3E7A-497C-9116-D52024F63195}.NUNIT_DEBUG|Win32.ActiveCfg = NUNIT_DEBUG|Any CPU
		{4CB0690E-3E7A-497C-9116-D52024F63195}.NUNIT_DEBUG|x64.ActiveCfg = NUNIT_DEBUG|Any CPU
		{4CB0690E-3E7A-497C-9116-D52024F63195}.NUNIT_DEBUG|x86.ActiveCfg = NUNIT_DEBUG|Any CPU
		{4CB0690E-3E7A-497C-9116-D52024F63195}.NUNIT_DEBUG|Xbox 360.ActiveCfg = NUNIT_DEBUG|Any CPU
		{4CB0690E-3E7A-497C-9116-D52024F63195}.NUNIT_RELEASE|Any CPU.ActiveCfg = NUNIT_RELEASE|Any CPU
		{4CB0690E-3E7A-497C-9116-D52024F63195}.NUNIT_RELEASE|Any CPU.Build.0 = NUNIT_RELEASE|Any CPU
		{4CB0690E-3E7A-497C-9116-D52024F63195}.NUNIT_RELEASE|Mixed Platforms.ActiveCfg = NUNIT_RELEASE|Any CPU
		{4CB0690E-3E7A-497C-9116-D52024F63195}.NUNIT_RELEASE|Mixed Platforms.Build.0 = NUNIT_RELEASE|Any CPU
		{4CB0690E-3E7A-497C-9116-D52024F63195}.NUNIT_RELEASE|Win32.ActiveCfg = NUNIT_RELEASE|Any CPU
		{4CB0690E-3E7A-497C-9116-D52024F63195}.NUNIT_RELEASE|x64.ActiveCfg = NUNIT_RELEASE|Any CPU
		{4CB0690E-3E7A-497C-9116-D52024F63195}.NUNIT_RELEASE|x86.ActiveCfg = NUNIT_RELEASE|Any CPU
		{4CB0690E-3E7A-497C-9116-D52024F63195}.NUNIT_RELEASE|Xbox 360.ActiveCfg = NUNIT_RELEASE|Any CPU
		{4CB0690E-3E7A-497C-9116-D52024F63195}.OSX-Linux|Any CPU.ActiveCfg = Release|Any CPU
		{4CB0690E-3E7A-497C-9116-D52024F63195}.OSX-Linux|Any CPU.Build.0 = Release|Any CPU
		{4CB0690E-3E7A-497C-9116-D52024F63195}.OSX-Linux|Mixed Platforms.ActiveCfg = Release|Any CPU
		{4CB0690E-3E7A-497C-9116-D52024F63195}.OSX-Linux|Mixed Platforms.Build.0 = Release|Any CPU
		{4CB0690E-3E7A-497C-9116-D52024F63195}.OSX-Linux|Win32.ActiveCfg = Release|Any CPU
		{4CB0690E-3E7A-497C-9116-D52024F63195}.OSX-Linux|x64.ActiveCfg = Release|Any CPU
		{4CB0690E-3E7A-497C-9116-D52024F63195}.OSX-Linux|x86.ActiveCfg = Release|Any CPU
		{4CB0690E-3E7A-497C-9116-D52024F63195}.OSX-Linux|Xbox 360.ActiveCfg = Release|Any CPU
		{4CB0690E-3E7A-497C-9116-D52024F63195}.Release|Any CPU.ActiveCfg = Release|Any CPU
		{4CB0690E-3E7A-497C-9116-D52024F63195}.Release|Any CPU.Build.0 = Release|Any CPU
		{4CB0690E-3E7A-497C-9116-D52024F63195}.Release|Mixed Platforms.ActiveCfg = Release|Any CPU
		{4CB0690E-3E7A-497C-9116-D52024F63195}.Release|Mixed Platforms.Build.0 = Release|Any CPU
		{4CB0690E-3E7A-497C-9116-D52024F63195}.Release|Win32.ActiveCfg = Release|Any CPU
		{4CB0690E-3E7A-497C-9116-D52024F63195}.Release|x64.ActiveCfg = Release|Any CPU
		{4CB0690E-3E7A-497C-9116-D52024F63195}.Release|x86.ActiveCfg = Release|Any CPU
		{4CB0690E-3E7A-497C-9116-D52024F63195}.Release|x86.Build.0 = Release|Any CPU
		{4CB0690E-3E7A-497C-9116-D52024F63195}.Release|Xbox 360.ActiveCfg = Release|Any CPU
		{4CB0690E-3E7A-497C-9116-D52024F63195}.Windows|Any CPU.ActiveCfg = Release|Any CPU
		{4CB0690E-3E7A-497C-9116-D52024F63195}.Windows|Any CPU.Build.0 = Release|Any CPU
		{4CB0690E-3E7A-497C-9116-D52024F63195}.Windows|Mixed Platforms.ActiveCfg = Release|Any CPU
		{4CB0690E-3E7A-497C-9116-D52024F63195}.Windows|Mixed Platforms.Build.0 = Release|Any CPU
		{4CB0690E-3E7A-497C-9116-D52024F63195}.Windows|Win32.ActiveCfg = Release|Any CPU
		{4CB0690E-3E7A-497C-9116-D52024F63195}.Windows|x64.ActiveCfg = Release|Any CPU
		{4CB0690E-3E7A-497C-9116-D52024F63195}.Windows|x86.ActiveCfg = Release|Any CPU
		{4CB0690E-3E7A-497C-9116-D52024F63195}.Windows|Xbox 360.ActiveCfg = Release|Any CPU
		{0E7413FF-EB9E-4714-ACF2-BE3A6A7B2FFD}.Debug|Any CPU.ActiveCfg = Debug|Any CPU
		{0E7413FF-EB9E-4714-ACF2-BE3A6A7B2FFD}.Debug|Any CPU.Build.0 = Debug|Any CPU
		{0E7413FF-EB9E-4714-ACF2-BE3A6A7B2FFD}.Debug|Mixed Platforms.ActiveCfg = Debug|Any CPU
		{0E7413FF-EB9E-4714-ACF2-BE3A6A7B2FFD}.Debug|Mixed Platforms.Build.0 = Debug|Any CPU
		{0E7413FF-EB9E-4714-ACF2-BE3A6A7B2FFD}.Debug|Win32.ActiveCfg = Debug|Any CPU
		{0E7413FF-EB9E-4714-ACF2-BE3A6A7B2FFD}.Debug|x64.ActiveCfg = Debug|Any CPU
		{0E7413FF-EB9E-4714-ACF2-BE3A6A7B2FFD}.Debug|x86.ActiveCfg = Debug|Any CPU
		{0E7413FF-EB9E-4714-ACF2-BE3A6A7B2FFD}.Debug|x86.Build.0 = Debug|Any CPU
		{0E7413FF-EB9E-4714-ACF2-BE3A6A7B2FFD}.Debug|Xbox 360.ActiveCfg = Debug|Any CPU
		{0E7413FF-EB9E-4714-ACF2-BE3A6A7B2FFD}.MSTEST_DEBUG|Any CPU.ActiveCfg = Debug|Any CPU
		{0E7413FF-EB9E-4714-ACF2-BE3A6A7B2FFD}.MSTEST_DEBUG|Any CPU.Build.0 = Debug|Any CPU
		{0E7413FF-EB9E-4714-ACF2-BE3A6A7B2FFD}.MSTEST_DEBUG|Mixed Platforms.ActiveCfg = Debug|Any CPU
		{0E7413FF-EB9E-4714-ACF2-BE3A6A7B2FFD}.MSTEST_DEBUG|Mixed Platforms.Build.0 = Debug|Any CPU
		{0E7413FF-EB9E-4714-ACF2-BE3A6A7B2FFD}.MSTEST_DEBUG|Win32.ActiveCfg = Debug|Any CPU
		{0E7413FF-EB9E-4714-ACF2-BE3A6A7B2FFD}.MSTEST_DEBUG|x64.ActiveCfg = Release|Any CPU
		{0E7413FF-EB9E-4714-ACF2-BE3A6A7B2FFD}.MSTEST_DEBUG|x86.ActiveCfg = Debug|Any CPU
		{0E7413FF-EB9E-4714-ACF2-BE3A6A7B2FFD}.MSTEST_DEBUG|Xbox 360.ActiveCfg = Debug|Any CPU
		{0E7413FF-EB9E-4714-ACF2-BE3A6A7B2FFD}.MSTEST_RELEASE|Any CPU.ActiveCfg = Debug|Any CPU
		{0E7413FF-EB9E-4714-ACF2-BE3A6A7B2FFD}.MSTEST_RELEASE|Any CPU.Build.0 = Debug|Any CPU
		{0E7413FF-EB9E-4714-ACF2-BE3A6A7B2FFD}.MSTEST_RELEASE|Mixed Platforms.ActiveCfg = Debug|Any CPU
		{0E7413FF-EB9E-4714-ACF2-BE3A6A7B2FFD}.MSTEST_RELEASE|Mixed Platforms.Build.0 = Debug|Any CPU
		{0E7413FF-EB9E-4714-ACF2-BE3A6A7B2FFD}.MSTEST_RELEASE|Win32.ActiveCfg = Debug|Any CPU
		{0E7413FF-EB9E-4714-ACF2-BE3A6A7B2FFD}.MSTEST_RELEASE|x64.ActiveCfg = Release|Any CPU
		{0E7413FF-EB9E-4714-ACF2-BE3A6A7B2FFD}.MSTEST_RELEASE|x86.ActiveCfg = Debug|Any CPU
		{0E7413FF-EB9E-4714-ACF2-BE3A6A7B2FFD}.MSTEST_RELEASE|Xbox 360.ActiveCfg = Debug|Any CPU
		{0E7413FF-EB9E-4714-ACF2-BE3A6A7B2FFD}.NUNIT_DEBUG|Any CPU.ActiveCfg = Debug|Any CPU
		{0E7413FF-EB9E-4714-ACF2-BE3A6A7B2FFD}.NUNIT_DEBUG|Any CPU.Build.0 = Debug|Any CPU
		{0E7413FF-EB9E-4714-ACF2-BE3A6A7B2FFD}.NUNIT_DEBUG|Mixed Platforms.ActiveCfg = Debug|Any CPU
		{0E7413FF-EB9E-4714-ACF2-BE3A6A7B2FFD}.NUNIT_DEBUG|Mixed Platforms.Build.0 = Debug|Any CPU
		{0E7413FF-EB9E-4714-ACF2-BE3A6A7B2FFD}.NUNIT_DEBUG|Win32.ActiveCfg = Debug|Any CPU
		{0E7413FF-EB9E-4714-ACF2-BE3A6A7B2FFD}.NUNIT_DEBUG|x64.ActiveCfg = Release|Any CPU
		{0E7413FF-EB9E-4714-ACF2-BE3A6A7B2FFD}.NUNIT_DEBUG|x86.ActiveCfg = Debug|Any CPU
		{0E7413FF-EB9E-4714-ACF2-BE3A6A7B2FFD}.NUNIT_DEBUG|Xbox 360.ActiveCfg = Debug|Any CPU
		{0E7413FF-EB9E-4714-ACF2-BE3A6A7B2FFD}.NUNIT_RELEASE|Any CPU.ActiveCfg = Debug|Any CPU
		{0E7413FF-EB9E-4714-ACF2-BE3A6A7B2FFD}.NUNIT_RELEASE|Any CPU.Build.0 = Debug|Any CPU
		{0E7413FF-EB9E-4714-ACF2-BE3A6A7B2FFD}.NUNIT_RELEASE|Mixed Platforms.ActiveCfg = Debug|Any CPU
		{0E7413FF-EB9E-4714-ACF2-BE3A6A7B2FFD}.NUNIT_RELEASE|Mixed Platforms.Build.0 = Debug|Any CPU
		{0E7413FF-EB9E-4714-ACF2-BE3A6A7B2FFD}.NUNIT_RELEASE|Win32.ActiveCfg = Debug|Any CPU
		{0E7413FF-EB9E-4714-ACF2-BE3A6A7B2FFD}.NUNIT_RELEASE|x64.ActiveCfg = Release|Any CPU
		{0E7413FF-EB9E-4714-ACF2-BE3A6A7B2FFD}.NUNIT_RELEASE|x86.ActiveCfg = Debug|Any CPU
		{0E7413FF-EB9E-4714-ACF2-BE3A6A7B2FFD}.NUNIT_RELEASE|Xbox 360.ActiveCfg = Debug|Any CPU
		{0E7413FF-EB9E-4714-ACF2-BE3A6A7B2FFD}.OSX-Linux|Any CPU.ActiveCfg = Release|Any CPU
		{0E7413FF-EB9E-4714-ACF2-BE3A6A7B2FFD}.OSX-Linux|Any CPU.Build.0 = Release|Any CPU
		{0E7413FF-EB9E-4714-ACF2-BE3A6A7B2FFD}.OSX-Linux|Mixed Platforms.ActiveCfg = Release|Any CPU
		{0E7413FF-EB9E-4714-ACF2-BE3A6A7B2FFD}.OSX-Linux|Mixed Platforms.Build.0 = Release|Any CPU
		{0E7413FF-EB9E-4714-ACF2-BE3A6A7B2FFD}.OSX-Linux|Win32.ActiveCfg = Release|Any CPU
		{0E7413FF-EB9E-4714-ACF2-BE3A6A7B2FFD}.OSX-Linux|x64.ActiveCfg = Release|Any CPU
		{0E7413FF-EB9E-4714-ACF2-BE3A6A7B2FFD}.OSX-Linux|x86.ActiveCfg = Release|Any CPU
		{0E7413FF-EB9E-4714-ACF2-BE3A6A7B2FFD}.OSX-Linux|Xbox 360.ActiveCfg = Release|Any CPU
		{0E7413FF-EB9E-4714-ACF2-BE3A6A7B2FFD}.Release|Any CPU.ActiveCfg = Release|Any CPU
		{0E7413FF-EB9E-4714-ACF2-BE3A6A7B2FFD}.Release|Any CPU.Build.0 = Release|Any CPU
		{0E7413FF-EB9E-4714-ACF2-BE3A6A7B2FFD}.Release|Mixed Platforms.ActiveCfg = Release|Any CPU
		{0E7413FF-EB9E-4714-ACF2-BE3A6A7B2FFD}.Release|Mixed Platforms.Build.0 = Release|Any CPU
		{0E7413FF-EB9E-4714-ACF2-BE3A6A7B2FFD}.Release|Win32.ActiveCfg = Release|Any CPU
		{0E7413FF-EB9E-4714-ACF2-BE3A6A7B2FFD}.Release|x64.ActiveCfg = Release|Any CPU
		{0E7413FF-EB9E-4714-ACF2-BE3A6A7B2FFD}.Release|x86.ActiveCfg = Release|Any CPU
		{0E7413FF-EB9E-4714-ACF2-BE3A6A7B2FFD}.Release|x86.Build.0 = Release|Any CPU
		{0E7413FF-EB9E-4714-ACF2-BE3A6A7B2FFD}.Release|Xbox 360.ActiveCfg = Release|Any CPU
		{0E7413FF-EB9E-4714-ACF2-BE3A6A7B2FFD}.Windows|Any CPU.ActiveCfg = Release|Any CPU
		{0E7413FF-EB9E-4714-ACF2-BE3A6A7B2FFD}.Windows|Any CPU.Build.0 = Release|Any CPU
		{0E7413FF-EB9E-4714-ACF2-BE3A6A7B2FFD}.Windows|Mixed Platforms.ActiveCfg = Release|Any CPU
		{0E7413FF-EB9E-4714-ACF2-BE3A6A7B2FFD}.Windows|Mixed Platforms.Build.0 = Release|Any CPU
		{0E7413FF-EB9E-4714-ACF2-BE3A6A7B2FFD}.Windows|Win32.ActiveCfg = Release|Any CPU
		{0E7413FF-EB9E-4714-ACF2-BE3A6A7B2FFD}.Windows|x64.ActiveCfg = Release|Any CPU
		{0E7413FF-EB9E-4714-ACF2-BE3A6A7B2FFD}.Windows|x86.ActiveCfg = Release|Any CPU
		{0E7413FF-EB9E-4714-ACF2-BE3A6A7B2FFD}.Windows|Xbox 360.ActiveCfg = Release|Any CPU
		{B1452F01-704F-44CD-BAB5-2A15F8E5C2F1}.Debug|Any CPU.ActiveCfg = Debug|Any CPU
		{B1452F01-704F-44CD-BAB5-2A15F8E5C2F1}.Debug|Any CPU.Build.0 = Debug|Any CPU
		{B1452F01-704F-44CD-BAB5-2A15F8E5C2F1}.Debug|Mixed Platforms.ActiveCfg = Debug|Any CPU
		{B1452F01-704F-44CD-BAB5-2A15F8E5C2F1}.Debug|Mixed Platforms.Build.0 = Debug|Any CPU
		{B1452F01-704F-44CD-BAB5-2A15F8E5C2F1}.Debug|Win32.ActiveCfg = Debug|Any CPU
		{B1452F01-704F-44CD-BAB5-2A15F8E5C2F1}.Debug|x64.ActiveCfg = Debug|Any CPU
		{B1452F01-704F-44CD-BAB5-2A15F8E5C2F1}.Debug|x86.ActiveCfg = Debug|Any CPU
		{B1452F01-704F-44CD-BAB5-2A15F8E5C2F1}.Debug|x86.Build.0 = Debug|Any CPU
		{B1452F01-704F-44CD-BAB5-2A15F8E5C2F1}.Debug|Xbox 360.ActiveCfg = Debug|Any CPU
		{B1452F01-704F-44CD-BAB5-2A15F8E5C2F1}.MSTEST_DEBUG|Any CPU.ActiveCfg = Release|Any CPU
		{B1452F01-704F-44CD-BAB5-2A15F8E5C2F1}.MSTEST_DEBUG|Any CPU.Build.0 = Release|Any CPU
		{B1452F01-704F-44CD-BAB5-2A15F8E5C2F1}.MSTEST_DEBUG|Mixed Platforms.ActiveCfg = Release|Any CPU
		{B1452F01-704F-44CD-BAB5-2A15F8E5C2F1}.MSTEST_DEBUG|Mixed Platforms.Build.0 = Release|Any CPU
		{B1452F01-704F-44CD-BAB5-2A15F8E5C2F1}.MSTEST_DEBUG|Win32.ActiveCfg = Release|Any CPU
		{B1452F01-704F-44CD-BAB5-2A15F8E5C2F1}.MSTEST_DEBUG|x64.ActiveCfg = Release|Any CPU
		{B1452F01-704F-44CD-BAB5-2A15F8E5C2F1}.MSTEST_DEBUG|x86.ActiveCfg = Release|Any CPU
		{B1452F01-704F-44CD-BAB5-2A15F8E5C2F1}.MSTEST_DEBUG|Xbox 360.ActiveCfg = Release|Any CPU
		{B1452F01-704F-44CD-BAB5-2A15F8E5C2F1}.MSTEST_RELEASE|Any CPU.ActiveCfg = Release|Any CPU
		{B1452F01-704F-44CD-BAB5-2A15F8E5C2F1}.MSTEST_RELEASE|Any CPU.Build.0 = Release|Any CPU
		{B1452F01-704F-44CD-BAB5-2A15F8E5C2F1}.MSTEST_RELEASE|Mixed Platforms.ActiveCfg = Release|Any CPU
		{B1452F01-704F-44CD-BAB5-2A15F8E5C2F1}.MSTEST_RELEASE|Mixed Platforms.Build.0 = Release|Any CPU
		{B1452F01-704F-44CD-BAB5-2A15F8E5C2F1}.MSTEST_RELEASE|Win32.ActiveCfg = Release|Any CPU
		{B1452F01-704F-44CD-BAB5-2A15F8E5C2F1}.MSTEST_RELEASE|x64.ActiveCfg = Release|Any CPU
		{B1452F01-704F-44CD-BAB5-2A15F8E5C2F1}.MSTEST_RELEASE|x86.ActiveCfg = Release|Any CPU
		{B1452F01-704F-44CD-BAB5-2A15F8E5C2F1}.MSTEST_RELEASE|Xbox 360.ActiveCfg = Release|Any CPU
		{B1452F01-704F-44CD-BAB5-2A15F8E5C2F1}.NUNIT_DEBUG|Any CPU.ActiveCfg = Release|Any CPU
		{B1452F01-704F-44CD-BAB5-2A15F8E5C2F1}.NUNIT_DEBUG|Any CPU.Build.0 = Release|Any CPU
		{B1452F01-704F-44CD-BAB5-2A15F8E5C2F1}.NUNIT_DEBUG|Mixed Platforms.ActiveCfg = Release|Any CPU
		{B1452F01-704F-44CD-BAB5-2A15F8E5C2F1}.NUNIT_DEBUG|Mixed Platforms.Build.0 = Release|Any CPU
		{B1452F01-704F-44CD-BAB5-2A15F8E5C2F1}.NUNIT_DEBUG|Win32.ActiveCfg = Release|Any CPU
		{B1452F01-704F-44CD-BAB5-2A15F8E5C2F1}.NUNIT_DEBUG|x64.ActiveCfg = Release|Any CPU
		{B1452F01-704F-44CD-BAB5-2A15F8E5C2F1}.NUNIT_DEBUG|x86.ActiveCfg = Release|Any CPU
		{B1452F01-704F-44CD-BAB5-2A15F8E5C2F1}.NUNIT_DEBUG|Xbox 360.ActiveCfg = Release|Any CPU
		{B1452F01-704F-44CD-BAB5-2A15F8E5C2F1}.NUNIT_RELEASE|Any CPU.ActiveCfg = Release|Any CPU
		{B1452F01-704F-44CD-BAB5-2A15F8E5C2F1}.NUNIT_RELEASE|Any CPU.Build.0 = Release|Any CPU
		{B1452F01-704F-44CD-BAB5-2A15F8E5C2F1}.NUNIT_RELEASE|Mixed Platforms.ActiveCfg = Release|Any CPU
		{B1452F01-704F-44CD-BAB5-2A15F8E5C2F1}.NUNIT_RELEASE|Mixed Platforms.Build.0 = Release|Any CPU
		{B1452F01-704F-44CD-BAB5-2A15F8E5C2F1}.NUNIT_RELEASE|Win32.ActiveCfg = Release|Any CPU
		{B1452F01-704F-44CD-BAB5-2A15F8E5C2F1}.NUNIT_RELEASE|x64.ActiveCfg = Release|Any CPU
		{B1452F01-704F-44CD-BAB5-2A15F8E5C2F1}.NUNIT_RELEASE|x86.ActiveCfg = Release|Any CPU
		{B1452F01-704F-44CD-BAB5-2A15F8E5C2F1}.NUNIT_RELEASE|Xbox 360.ActiveCfg = Release|Any CPU
		{B1452F01-704F-44CD-BAB5-2A15F8E5C2F1}.OSX-Linux|Any CPU.ActiveCfg = Release|Any CPU
		{B1452F01-704F-44CD-BAB5-2A15F8E5C2F1}.OSX-Linux|Any CPU.Build.0 = Release|Any CPU
		{B1452F01-704F-44CD-BAB5-2A15F8E5C2F1}.OSX-Linux|Mixed Platforms.ActiveCfg = Release|Any CPU
		{B1452F01-704F-44CD-BAB5-2A15F8E5C2F1}.OSX-Linux|Mixed Platforms.Build.0 = Release|Any CPU
		{B1452F01-704F-44CD-BAB5-2A15F8E5C2F1}.OSX-Linux|Win32.ActiveCfg = Release|Any CPU
		{B1452F01-704F-44CD-BAB5-2A15F8E5C2F1}.OSX-Linux|x64.ActiveCfg = Release|Any CPU
		{B1452F01-704F-44CD-BAB5-2A15F8E5C2F1}.OSX-Linux|x86.ActiveCfg = Release|Any CPU
		{B1452F01-704F-44CD-BAB5-2A15F8E5C2F1}.OSX-Linux|Xbox 360.ActiveCfg = Release|Any CPU
		{B1452F01-704F-44CD-BAB5-2A15F8E5C2F1}.Release|Any CPU.ActiveCfg = Release|Any CPU
		{B1452F01-704F-44CD-BAB5-2A15F8E5C2F1}.Release|Any CPU.Build.0 = Release|Any CPU
		{B1452F01-704F-44CD-BAB5-2A15F8E5C2F1}.Release|Mixed Platforms.ActiveCfg = Release|Any CPU
		{B1452F01-704F-44CD-BAB5-2A15F8E5C2F1}.Release|Mixed Platforms.Build.0 = Release|Any CPU
		{B1452F01-704F-44CD-BAB5-2A15F8E5C2F1}.Release|Win32.ActiveCfg = Release|Any CPU
		{B1452F01-704F-44CD-BAB5-2A15F8E5C2F1}.Release|x64.ActiveCfg = Release|Any CPU
		{B1452F01-704F-44CD-BAB5-2A15F8E5C2F1}.Release|x86.ActiveCfg = Release|Any CPU
		{B1452F01-704F-44CD-BAB5-2A15F8E5C2F1}.Release|x86.Build.0 = Release|Any CPU
		{B1452F01-704F-44CD-BAB5-2A15F8E5C2F1}.Release|Xbox 360.ActiveCfg = Release|Any CPU
		{B1452F01-704F-44CD-BAB5-2A15F8E5C2F1}.Windows|Any CPU.ActiveCfg = Release|Any CPU
		{B1452F01-704F-44CD-BAB5-2A15F8E5C2F1}.Windows|Any CPU.Build.0 = Release|Any CPU
		{B1452F01-704F-44CD-BAB5-2A15F8E5C2F1}.Windows|Mixed Platforms.ActiveCfg = Release|Any CPU
		{B1452F01-704F-44CD-BAB5-2A15F8E5C2F1}.Windows|Mixed Platforms.Build.0 = Release|Any CPU
		{B1452F01-704F-44CD-BAB5-2A15F8E5C2F1}.Windows|Win32.ActiveCfg = Release|Any CPU
		{B1452F01-704F-44CD-BAB5-2A15F8E5C2F1}.Windows|x64.ActiveCfg = Release|Any CPU
		{B1452F01-704F-44CD-BAB5-2A15F8E5C2F1}.Windows|x86.ActiveCfg = Release|Any CPU
		{B1452F01-704F-44CD-BAB5-2A15F8E5C2F1}.Windows|Xbox 360.ActiveCfg = Release|Any CPU
		{2D0637AB-A380-4C97-A329-BF7C40C99495}.Debug|Any CPU.ActiveCfg = Debug|Any CPU
		{2D0637AB-A380-4C97-A329-BF7C40C99495}.Debug|Any CPU.Build.0 = Debug|Any CPU
		{2D0637AB-A380-4C97-A329-BF7C40C99495}.Debug|Mixed Platforms.ActiveCfg = Debug|Any CPU
		{2D0637AB-A380-4C97-A329-BF7C40C99495}.Debug|Mixed Platforms.Build.0 = Debug|Any CPU
		{2D0637AB-A380-4C97-A329-BF7C40C99495}.Debug|Win32.ActiveCfg = Debug|Any CPU
		{2D0637AB-A380-4C97-A329-BF7C40C99495}.Debug|x64.ActiveCfg = Debug|Any CPU
		{2D0637AB-A380-4C97-A329-BF7C40C99495}.Debug|x86.ActiveCfg = Debug|Any CPU
		{2D0637AB-A380-4C97-A329-BF7C40C99495}.Debug|x86.Build.0 = Debug|Any CPU
		{2D0637AB-A380-4C97-A329-BF7C40C99495}.Debug|Xbox 360.ActiveCfg = Debug|Any CPU
		{2D0637AB-A380-4C97-A329-BF7C40C99495}.MSTEST_DEBUG|Any CPU.ActiveCfg = Release|Any CPU
		{2D0637AB-A380-4C97-A329-BF7C40C99495}.MSTEST_DEBUG|Any CPU.Build.0 = Release|Any CPU
		{2D0637AB-A380-4C97-A329-BF7C40C99495}.MSTEST_DEBUG|Mixed Platforms.ActiveCfg = Release|Any CPU
		{2D0637AB-A380-4C97-A329-BF7C40C99495}.MSTEST_DEBUG|Mixed Platforms.Build.0 = Release|Any CPU
		{2D0637AB-A380-4C97-A329-BF7C40C99495}.MSTEST_DEBUG|Win32.ActiveCfg = Release|Any CPU
		{2D0637AB-A380-4C97-A329-BF7C40C99495}.MSTEST_DEBUG|x64.ActiveCfg = Release|Any CPU
		{2D0637AB-A380-4C97-A329-BF7C40C99495}.MSTEST_DEBUG|x86.ActiveCfg = Release|Any CPU
		{2D0637AB-A380-4C97-A329-BF7C40C99495}.MSTEST_DEBUG|Xbox 360.ActiveCfg = Release|Any CPU
		{2D0637AB-A380-4C97-A329-BF7C40C99495}.MSTEST_RELEASE|Any CPU.ActiveCfg = Release|Any CPU
		{2D0637AB-A380-4C97-A329-BF7C40C99495}.MSTEST_RELEASE|Any CPU.Build.0 = Release|Any CPU
		{2D0637AB-A380-4C97-A329-BF7C40C99495}.MSTEST_RELEASE|Mixed Platforms.ActiveCfg = Release|Any CPU
		{2D0637AB-A380-4C97-A329-BF7C40C99495}.MSTEST_RELEASE|Mixed Platforms.Build.0 = Release|Any CPU
		{2D0637AB-A380-4C97-A329-BF7C40C99495}.MSTEST_RELEASE|Win32.ActiveCfg = Release|Any CPU
		{2D0637AB-A380-4C97-A329-BF7C40C99495}.MSTEST_RELEASE|x64.ActiveCfg = Release|Any CPU
		{2D0637AB-A380-4C97-A329-BF7C40C99495}.MSTEST_RELEASE|x86.ActiveCfg = Release|Any CPU
		{2D0637AB-A380-4C97-A329-BF7C40C99495}.MSTEST_RELEASE|Xbox 360.ActiveCfg = Release|Any CPU
		{2D0637AB-A380-4C97-A329-BF7C40C99495}.NUNIT_DEBUG|Any CPU.ActiveCfg = Release|Any CPU
		{2D0637AB-A380-4C97-A329-BF7C40C99495}.NUNIT_DEBUG|Any CPU.Build.0 = Release|Any CPU
		{2D0637AB-A380-4C97-A329-BF7C40C99495}.NUNIT_DEBUG|Mixed Platforms.ActiveCfg = Release|Any CPU
		{2D0637AB-A380-4C97-A329-BF7C40C99495}.NUNIT_DEBUG|Mixed Platforms.Build.0 = Release|Any CPU
		{2D0637AB-A380-4C97-A329-BF7C40C99495}.NUNIT_DEBUG|Win32.ActiveCfg = Release|Any CPU
		{2D0637AB-A380-4C97-A329-BF7C40C99495}.NUNIT_DEBUG|x64.ActiveCfg = Release|Any CPU
		{2D0637AB-A380-4C97-A329-BF7C40C99495}.NUNIT_DEBUG|x86.ActiveCfg = Release|Any CPU
		{2D0637AB-A380-4C97-A329-BF7C40C99495}.NUNIT_DEBUG|Xbox 360.ActiveCfg = Release|Any CPU
		{2D0637AB-A380-4C97-A329-BF7C40C99495}.NUNIT_RELEASE|Any CPU.ActiveCfg = Release|Any CPU
		{2D0637AB-A380-4C97-A329-BF7C40C99495}.NUNIT_RELEASE|Any CPU.Build.0 = Release|Any CPU
		{2D0637AB-A380-4C97-A329-BF7C40C99495}.NUNIT_RELEASE|Mixed Platforms.ActiveCfg = Release|Any CPU
		{2D0637AB-A380-4C97-A329-BF7C40C99495}.NUNIT_RELEASE|Mixed Platforms.Build.0 = Release|Any CPU
		{2D0637AB-A380-4C97-A329-BF7C40C99495}.NUNIT_RELEASE|Win32.ActiveCfg = Release|Any CPU
		{2D0637AB-A380-4C97-A329-BF7C40C99495}.NUNIT_RELEASE|x64.ActiveCfg = Release|Any CPU
		{2D0637AB-A380-4C97-A329-BF7C40C99495}.NUNIT_RELEASE|x86.ActiveCfg = Release|Any CPU
		{2D0637AB-A380-4C97-A329-BF7C40C99495}.NUNIT_RELEASE|Xbox 360.ActiveCfg = Release|Any CPU
		{2D0637AB-A380-4C97-A329-BF7C40C99495}.OSX-Linux|Any CPU.ActiveCfg = Release|Any CPU
		{2D0637AB-A380-4C97-A329-BF7C40C99495}.OSX-Linux|Any CPU.Build.0 = Release|Any CPU
		{2D0637AB-A380-4C97-A329-BF7C40C99495}.OSX-Linux|Mixed Platforms.ActiveCfg = Release|Any CPU
		{2D0637AB-A380-4C97-A329-BF7C40C99495}.OSX-Linux|Mixed Platforms.Build.0 = Release|Any CPU
		{2D0637AB-A380-4C97-A329-BF7C40C99495}.OSX-Linux|Win32.ActiveCfg = Release|Any CPU
		{2D0637AB-A380-4C97-A329-BF7C40C99495}.OSX-Linux|x64.ActiveCfg = Release|Any CPU
		{2D0637AB-A380-4C97-A329-BF7C40C99495}.OSX-Linux|x86.ActiveCfg = Release|Any CPU
		{2D0637AB-A380-4C97-A329-BF7C40C99495}.OSX-Linux|Xbox 360.ActiveCfg = Release|Any CPU
		{2D0637AB-A380-4C97-A329-BF7C40C99495}.Release|Any CPU.ActiveCfg = Release|Any CPU
		{2D0637AB-A380-4C97-A329-BF7C40C99495}.Release|Any CPU.Build.0 = Release|Any CPU
		{2D0637AB-A380-4C97-A329-BF7C40C99495}.Release|Mixed Platforms.ActiveCfg = Release|Any CPU
		{2D0637AB-A380-4C97-A329-BF7C40C99495}.Release|Mixed Platforms.Build.0 = Release|Any CPU
		{2D0637AB-A380-4C97-A329-BF7C40C99495}.Release|Win32.ActiveCfg = Release|Any CPU
		{2D0637AB-A380-4C97-A329-BF7C40C99495}.Release|x64.ActiveCfg = Release|Any CPU
		{2D0637AB-A380-4C97-A329-BF7C40C99495}.Release|x86.ActiveCfg = Release|Any CPU
		{2D0637AB-A380-4C97-A329-BF7C40C99495}.Release|x86.Build.0 = Release|Any CPU
		{2D0637AB-A380-4C97-A329-BF7C40C99495}.Release|Xbox 360.ActiveCfg = Release|Any CPU
		{2D0637AB-A380-4C97-A329-BF7C40C99495}.Windows|Any CPU.ActiveCfg = Release|Any CPU
		{2D0637AB-A380-4C97-A329-BF7C40C99495}.Windows|Any CPU.Build.0 = Release|Any CPU
		{2D0637AB-A380-4C97-A329-BF7C40C99495}.Windows|Mixed Platforms.ActiveCfg = Release|Any CPU
		{2D0637AB-A380-4C97-A329-BF7C40C99495}.Windows|Mixed Platforms.Build.0 = Release|Any CPU
		{2D0637AB-A380-4C97-A329-BF7C40C99495}.Windows|Win32.ActiveCfg = Release|Any CPU
		{2D0637AB-A380-4C97-A329-BF7C40C99495}.Windows|x64.ActiveCfg = Release|Any CPU
		{2D0637AB-A380-4C97-A329-BF7C40C99495}.Windows|x86.ActiveCfg = Release|Any CPU
		{2D0637AB-A380-4C97-A329-BF7C40C99495}.Windows|Xbox 360.ActiveCfg = Release|Any CPU
		{A9AE40FF-1A21-414A-9FE7-3BE13644CC6D}.Debug|Any CPU.ActiveCfg = Debug|Any CPU
		{A9AE40FF-1A21-414A-9FE7-3BE13644CC6D}.Debug|Any CPU.Build.0 = Debug|Any CPU
		{A9AE40FF-1A21-414A-9FE7-3BE13644CC6D}.Debug|Mixed Platforms.ActiveCfg = Debug|Any CPU
		{A9AE40FF-1A21-414A-9FE7-3BE13644CC6D}.Debug|Mixed Platforms.Build.0 = Debug|Any CPU
		{A9AE40FF-1A21-414A-9FE7-3BE13644CC6D}.Debug|Win32.ActiveCfg = Debug|Any CPU
		{A9AE40FF-1A21-414A-9FE7-3BE13644CC6D}.Debug|x64.ActiveCfg = Debug|Any CPU
		{A9AE40FF-1A21-414A-9FE7-3BE13644CC6D}.Debug|x86.ActiveCfg = Debug|Any CPU
		{A9AE40FF-1A21-414A-9FE7-3BE13644CC6D}.Debug|x86.Build.0 = Debug|Any CPU
		{A9AE40FF-1A21-414A-9FE7-3BE13644CC6D}.Debug|Xbox 360.ActiveCfg = Debug|Any CPU
		{A9AE40FF-1A21-414A-9FE7-3BE13644CC6D}.MSTEST_DEBUG|Any CPU.ActiveCfg = Release|Any CPU
		{A9AE40FF-1A21-414A-9FE7-3BE13644CC6D}.MSTEST_DEBUG|Any CPU.Build.0 = Release|Any CPU
		{A9AE40FF-1A21-414A-9FE7-3BE13644CC6D}.MSTEST_DEBUG|Mixed Platforms.ActiveCfg = Release|Any CPU
		{A9AE40FF-1A21-414A-9FE7-3BE13644CC6D}.MSTEST_DEBUG|Mixed Platforms.Build.0 = Release|Any CPU
		{A9AE40FF-1A21-414A-9FE7-3BE13644CC6D}.MSTEST_DEBUG|Win32.ActiveCfg = Release|Any CPU
		{A9AE40FF-1A21-414A-9FE7-3BE13644CC6D}.MSTEST_DEBUG|x64.ActiveCfg = Release|Any CPU
		{A9AE40FF-1A21-414A-9FE7-3BE13644CC6D}.MSTEST_DEBUG|x86.ActiveCfg = Release|Any CPU
		{A9AE40FF-1A21-414A-9FE7-3BE13644CC6D}.MSTEST_DEBUG|Xbox 360.ActiveCfg = Release|Any CPU
		{A9AE40FF-1A21-414A-9FE7-3BE13644CC6D}.MSTEST_RELEASE|Any CPU.ActiveCfg = Release|Any CPU
		{A9AE40FF-1A21-414A-9FE7-3BE13644CC6D}.MSTEST_RELEASE|Any CPU.Build.0 = Release|Any CPU
		{A9AE40FF-1A21-414A-9FE7-3BE13644CC6D}.MSTEST_RELEASE|Mixed Platforms.ActiveCfg = Release|Any CPU
		{A9AE40FF-1A21-414A-9FE7-3BE13644CC6D}.MSTEST_RELEASE|Mixed Platforms.Build.0 = Release|Any CPU
		{A9AE40FF-1A21-414A-9FE7-3BE13644CC6D}.MSTEST_RELEASE|Win32.ActiveCfg = Release|Any CPU
		{A9AE40FF-1A21-414A-9FE7-3BE13644CC6D}.MSTEST_RELEASE|x64.ActiveCfg = Release|Any CPU
		{A9AE40FF-1A21-414A-9FE7-3BE13644CC6D}.MSTEST_RELEASE|x86.ActiveCfg = Release|Any CPU
		{A9AE40FF-1A21-414A-9FE7-3BE13644CC6D}.MSTEST_RELEASE|Xbox 360.ActiveCfg = Release|Any CPU
		{A9AE40FF-1A21-414A-9FE7-3BE13644CC6D}.NUNIT_DEBUG|Any CPU.ActiveCfg = Release|Any CPU
		{A9AE40FF-1A21-414A-9FE7-3BE13644CC6D}.NUNIT_DEBUG|Any CPU.Build.0 = Release|Any CPU
		{A9AE40FF-1A21-414A-9FE7-3BE13644CC6D}.NUNIT_DEBUG|Mixed Platforms.ActiveCfg = Release|Any CPU
		{A9AE40FF-1A21-414A-9FE7-3BE13644CC6D}.NUNIT_DEBUG|Mixed Platforms.Build.0 = Release|Any CPU
		{A9AE40FF-1A21-414A-9FE7-3BE13644CC6D}.NUNIT_DEBUG|Win32.ActiveCfg = Release|Any CPU
		{A9AE40FF-1A21-414A-9FE7-3BE13644CC6D}.NUNIT_DEBUG|x64.ActiveCfg = Release|Any CPU
		{A9AE40FF-1A21-414A-9FE7-3BE13644CC6D}.NUNIT_DEBUG|x86.ActiveCfg = Release|Any CPU
		{A9AE40FF-1A21-414A-9FE7-3BE13644CC6D}.NUNIT_DEBUG|Xbox 360.ActiveCfg = Release|Any CPU
		{A9AE40FF-1A21-414A-9FE7-3BE13644CC6D}.NUNIT_RELEASE|Any CPU.ActiveCfg = Release|Any CPU
		{A9AE40FF-1A21-414A-9FE7-3BE13644CC6D}.NUNIT_RELEASE|Any CPU.Build.0 = Release|Any CPU
		{A9AE40FF-1A21-414A-9FE7-3BE13644CC6D}.NUNIT_RELEASE|Mixed Platforms.ActiveCfg = Release|Any CPU
		{A9AE40FF-1A21-414A-9FE7-3BE13644CC6D}.NUNIT_RELEASE|Mixed Platforms.Build.0 = Release|Any CPU
		{A9AE40FF-1A21-414A-9FE7-3BE13644CC6D}.NUNIT_RELEASE|Win32.ActiveCfg = Release|Any CPU
		{A9AE40FF-1A21-414A-9FE7-3BE13644CC6D}.NUNIT_RELEASE|x64.ActiveCfg = Release|Any CPU
		{A9AE40FF-1A21-414A-9FE7-3BE13644CC6D}.NUNIT_RELEASE|x86.ActiveCfg = Release|Any CPU
		{A9AE40FF-1A21-414A-9FE7-3BE13644CC6D}.NUNIT_RELEASE|Xbox 360.ActiveCfg = Release|Any CPU
		{A9AE40FF-1A21-414A-9FE7-3BE13644CC6D}.OSX-Linux|Any CPU.ActiveCfg = Release|Any CPU
		{A9AE40FF-1A21-414A-9FE7-3BE13644CC6D}.OSX-Linux|Any CPU.Build.0 = Release|Any CPU
		{A9AE40FF-1A21-414A-9FE7-3BE13644CC6D}.OSX-Linux|Mixed Platforms.ActiveCfg = Release|Any CPU
		{A9AE40FF-1A21-414A-9FE7-3BE13644CC6D}.OSX-Linux|Mixed Platforms.Build.0 = Release|Any CPU
		{A9AE40FF-1A21-414A-9FE7-3BE13644CC6D}.OSX-Linux|Win32.ActiveCfg = Release|Any CPU
		{A9AE40FF-1A21-414A-9FE7-3BE13644CC6D}.OSX-Linux|x64.ActiveCfg = Release|Any CPU
		{A9AE40FF-1A21-414A-9FE7-3BE13644CC6D}.OSX-Linux|x86.ActiveCfg = Release|Any CPU
		{A9AE40FF-1A21-414A-9FE7-3BE13644CC6D}.OSX-Linux|Xbox 360.ActiveCfg = Release|Any CPU
		{A9AE40FF-1A21-414A-9FE7-3BE13644CC6D}.Release|Any CPU.ActiveCfg = Release|Any CPU
		{A9AE40FF-1A21-414A-9FE7-3BE13644CC6D}.Release|Any CPU.Build.0 = Release|Any CPU
		{A9AE40FF-1A21-414A-9FE7-3BE13644CC6D}.Release|Mixed Platforms.ActiveCfg = Release|Any CPU
		{A9AE40FF-1A21-414A-9FE7-3BE13644CC6D}.Release|Mixed Platforms.Build.0 = Release|Any CPU
		{A9AE40FF-1A21-414A-9FE7-3BE13644CC6D}.Release|Win32.ActiveCfg = Release|Any CPU
		{A9AE40FF-1A21-414A-9FE7-3BE13644CC6D}.Release|x64.ActiveCfg = Release|Any CPU
		{A9AE40FF-1A21-414A-9FE7-3BE13644CC6D}.Release|x86.ActiveCfg = Release|Any CPU
		{A9AE40FF-1A21-414A-9FE7-3BE13644CC6D}.Release|x86.Build.0 = Release|Any CPU
		{A9AE40FF-1A21-414A-9FE7-3BE13644CC6D}.Release|Xbox 360.ActiveCfg = Release|Any CPU
		{A9AE40FF-1A21-414A-9FE7-3BE13644CC6D}.Windows|Any CPU.ActiveCfg = Release|Any CPU
		{A9AE40FF-1A21-414A-9FE7-3BE13644CC6D}.Windows|Any CPU.Build.0 = Release|Any CPU
		{A9AE40FF-1A21-414A-9FE7-3BE13644CC6D}.Windows|Mixed Platforms.ActiveCfg = Release|Any CPU
		{A9AE40FF-1A21-414A-9FE7-3BE13644CC6D}.Windows|Mixed Platforms.Build.0 = Release|Any CPU
		{A9AE40FF-1A21-414A-9FE7-3BE13644CC6D}.Windows|Win32.ActiveCfg = Release|Any CPU
		{A9AE40FF-1A21-414A-9FE7-3BE13644CC6D}.Windows|x64.ActiveCfg = Release|Any CPU
		{A9AE40FF-1A21-414A-9FE7-3BE13644CC6D}.Windows|x86.ActiveCfg = Release|Any CPU
		{A9AE40FF-1A21-414A-9FE7-3BE13644CC6D}.Windows|Xbox 360.ActiveCfg = Release|Any CPU
		{B3543600-587C-4FDC-994A-CB0BDC629A7E}.Debug|Any CPU.ActiveCfg = OSX-Linux|Any CPU
		{B3543600-587C-4FDC-994A-CB0BDC629A7E}.Debug|Any CPU.Build.0 = OSX-Linux|Any CPU
		{B3543600-587C-4FDC-994A-CB0BDC629A7E}.Debug|Mixed Platforms.ActiveCfg = Windows|Any CPU
		{B3543600-587C-4FDC-994A-CB0BDC629A7E}.Debug|Mixed Platforms.Build.0 = Windows|Any CPU
		{B3543600-587C-4FDC-994A-CB0BDC629A7E}.Debug|Win32.ActiveCfg = OSX-Linux|x86
		{B3543600-587C-4FDC-994A-CB0BDC629A7E}.Debug|Win32.Build.0 = OSX-Linux|x86
		{B3543600-587C-4FDC-994A-CB0BDC629A7E}.Debug|x64.ActiveCfg = OSX-Linux|x64
		{B3543600-587C-4FDC-994A-CB0BDC629A7E}.Debug|x64.Build.0 = OSX-Linux|x64
		{B3543600-587C-4FDC-994A-CB0BDC629A7E}.Debug|x86.ActiveCfg = Windows|x86
		{B3543600-587C-4FDC-994A-CB0BDC629A7E}.Debug|x86.Build.0 = Windows|x86
		{B3543600-587C-4FDC-994A-CB0BDC629A7E}.Debug|Xbox 360.ActiveCfg = OSX-Linux|Any CPU
		{B3543600-587C-4FDC-994A-CB0BDC629A7E}.MSTEST_DEBUG|Any CPU.ActiveCfg = OSX-Linux|Any CPU
		{B3543600-587C-4FDC-994A-CB0BDC629A7E}.MSTEST_DEBUG|Any CPU.Build.0 = OSX-Linux|Any CPU
		{B3543600-587C-4FDC-994A-CB0BDC629A7E}.MSTEST_DEBUG|Mixed Platforms.ActiveCfg = OSX-Linux|x86
		{B3543600-587C-4FDC-994A-CB0BDC629A7E}.MSTEST_DEBUG|Mixed Platforms.Build.0 = OSX-Linux|x86
		{B3543600-587C-4FDC-994A-CB0BDC629A7E}.MSTEST_DEBUG|Win32.ActiveCfg = OSX-Linux|x86
		{B3543600-587C-4FDC-994A-CB0BDC629A7E}.MSTEST_DEBUG|Win32.Build.0 = OSX-Linux|x86
		{B3543600-587C-4FDC-994A-CB0BDC629A7E}.MSTEST_DEBUG|x64.ActiveCfg = OSX-Linux|x64
		{B3543600-587C-4FDC-994A-CB0BDC629A7E}.MSTEST_DEBUG|x64.Build.0 = OSX-Linux|x64
		{B3543600-587C-4FDC-994A-CB0BDC629A7E}.MSTEST_DEBUG|x86.ActiveCfg = OSX-Linux|x86
		{B3543600-587C-4FDC-994A-CB0BDC629A7E}.MSTEST_DEBUG|x86.Build.0 = OSX-Linux|x86
		{B3543600-587C-4FDC-994A-CB0BDC629A7E}.MSTEST_DEBUG|Xbox 360.ActiveCfg = OSX-Linux|Any CPU
		{B3543600-587C-4FDC-994A-CB0BDC629A7E}.MSTEST_RELEASE|Any CPU.ActiveCfg = OSX-Linux|Any CPU
		{B3543600-587C-4FDC-994A-CB0BDC629A7E}.MSTEST_RELEASE|Any CPU.Build.0 = OSX-Linux|Any CPU
		{B3543600-587C-4FDC-994A-CB0BDC629A7E}.MSTEST_RELEASE|Mixed Platforms.ActiveCfg = OSX-Linux|x86
		{B3543600-587C-4FDC-994A-CB0BDC629A7E}.MSTEST_RELEASE|Mixed Platforms.Build.0 = OSX-Linux|x86
		{B3543600-587C-4FDC-994A-CB0BDC629A7E}.MSTEST_RELEASE|Win32.ActiveCfg = OSX-Linux|x86
		{B3543600-587C-4FDC-994A-CB0BDC629A7E}.MSTEST_RELEASE|Win32.Build.0 = OSX-Linux|x86
		{B3543600-587C-4FDC-994A-CB0BDC629A7E}.MSTEST_RELEASE|x64.ActiveCfg = OSX-Linux|x64
		{B3543600-587C-4FDC-994A-CB0BDC629A7E}.MSTEST_RELEASE|x64.Build.0 = OSX-Linux|x64
		{B3543600-587C-4FDC-994A-CB0BDC629A7E}.MSTEST_RELEASE|x86.ActiveCfg = OSX-Linux|x86
		{B3543600-587C-4FDC-994A-CB0BDC629A7E}.MSTEST_RELEASE|x86.Build.0 = OSX-Linux|x86
		{B3543600-587C-4FDC-994A-CB0BDC629A7E}.MSTEST_RELEASE|Xbox 360.ActiveCfg = OSX-Linux|Any CPU
		{B3543600-587C-4FDC-994A-CB0BDC629A7E}.NUNIT_DEBUG|Any CPU.ActiveCfg = OSX-Linux|Any CPU
		{B3543600-587C-4FDC-994A-CB0BDC629A7E}.NUNIT_DEBUG|Any CPU.Build.0 = OSX-Linux|Any CPU
		{B3543600-587C-4FDC-994A-CB0BDC629A7E}.NUNIT_DEBUG|Mixed Platforms.ActiveCfg = OSX-Linux|x86
		{B3543600-587C-4FDC-994A-CB0BDC629A7E}.NUNIT_DEBUG|Mixed Platforms.Build.0 = OSX-Linux|x86
		{B3543600-587C-4FDC-994A-CB0BDC629A7E}.NUNIT_DEBUG|Win32.ActiveCfg = OSX-Linux|x86
		{B3543600-587C-4FDC-994A-CB0BDC629A7E}.NUNIT_DEBUG|Win32.Build.0 = OSX-Linux|x86
		{B3543600-587C-4FDC-994A-CB0BDC629A7E}.NUNIT_DEBUG|x64.ActiveCfg = OSX-Linux|x64
		{B3543600-587C-4FDC-994A-CB0BDC629A7E}.NUNIT_DEBUG|x64.Build.0 = OSX-Linux|x64
		{B3543600-587C-4FDC-994A-CB0BDC629A7E}.NUNIT_DEBUG|x86.ActiveCfg = OSX-Linux|x86
		{B3543600-587C-4FDC-994A-CB0BDC629A7E}.NUNIT_DEBUG|x86.Build.0 = OSX-Linux|x86
		{B3543600-587C-4FDC-994A-CB0BDC629A7E}.NUNIT_DEBUG|Xbox 360.ActiveCfg = OSX-Linux|Any CPU
		{B3543600-587C-4FDC-994A-CB0BDC629A7E}.NUNIT_RELEASE|Any CPU.ActiveCfg = OSX-Linux|Any CPU
		{B3543600-587C-4FDC-994A-CB0BDC629A7E}.NUNIT_RELEASE|Any CPU.Build.0 = OSX-Linux|Any CPU
		{B3543600-587C-4FDC-994A-CB0BDC629A7E}.NUNIT_RELEASE|Mixed Platforms.ActiveCfg = OSX-Linux|x86
		{B3543600-587C-4FDC-994A-CB0BDC629A7E}.NUNIT_RELEASE|Mixed Platforms.Build.0 = OSX-Linux|x86
		{B3543600-587C-4FDC-994A-CB0BDC629A7E}.NUNIT_RELEASE|Win32.ActiveCfg = OSX-Linux|x86
		{B3543600-587C-4FDC-994A-CB0BDC629A7E}.NUNIT_RELEASE|Win32.Build.0 = OSX-Linux|x86
		{B3543600-587C-4FDC-994A-CB0BDC629A7E}.NUNIT_RELEASE|x64.ActiveCfg = OSX-Linux|x64
		{B3543600-587C-4FDC-994A-CB0BDC629A7E}.NUNIT_RELEASE|x64.Build.0 = OSX-Linux|x64
		{B3543600-587C-4FDC-994A-CB0BDC629A7E}.NUNIT_RELEASE|x86.ActiveCfg = OSX-Linux|x86
		{B3543600-587C-4FDC-994A-CB0BDC629A7E}.NUNIT_RELEASE|x86.Build.0 = OSX-Linux|x86
		{B3543600-587C-4FDC-994A-CB0BDC629A7E}.NUNIT_RELEASE|Xbox 360.ActiveCfg = OSX-Linux|Any CPU
		{B3543600-587C-4FDC-994A-CB0BDC629A7E}.OSX-Linux|Any CPU.ActiveCfg = OSX-Linux|Any CPU
		{B3543600-587C-4FDC-994A-CB0BDC629A7E}.OSX-Linux|Any CPU.Build.0 = OSX-Linux|Any CPU
		{B3543600-587C-4FDC-994A-CB0BDC629A7E}.OSX-Linux|Mixed Platforms.ActiveCfg = OSX-Linux|x86
		{B3543600-587C-4FDC-994A-CB0BDC629A7E}.OSX-Linux|Mixed Platforms.Build.0 = OSX-Linux|x86
		{B3543600-587C-4FDC-994A-CB0BDC629A7E}.OSX-Linux|Win32.ActiveCfg = OSX-Linux|x86
		{B3543600-587C-4FDC-994A-CB0BDC629A7E}.OSX-Linux|Win32.Build.0 = OSX-Linux|x86
		{B3543600-587C-4FDC-994A-CB0BDC629A7E}.OSX-Linux|x64.ActiveCfg = OSX-Linux|x64
		{B3543600-587C-4FDC-994A-CB0BDC629A7E}.OSX-Linux|x64.Build.0 = OSX-Linux|x64
		{B3543600-587C-4FDC-994A-CB0BDC629A7E}.OSX-Linux|x86.ActiveCfg = OSX-Linux|x86
		{B3543600-587C-4FDC-994A-CB0BDC629A7E}.OSX-Linux|x86.Build.0 = OSX-Linux|x86
		{B3543600-587C-4FDC-994A-CB0BDC629A7E}.OSX-Linux|Xbox 360.ActiveCfg = OSX-Linux|Any CPU
		{B3543600-587C-4FDC-994A-CB0BDC629A7E}.Release|Any CPU.ActiveCfg = OSX-Linux|Any CPU
		{B3543600-587C-4FDC-994A-CB0BDC629A7E}.Release|Any CPU.Build.0 = OSX-Linux|Any CPU
		{B3543600-587C-4FDC-994A-CB0BDC629A7E}.Release|Mixed Platforms.ActiveCfg = Windows|Any CPU
		{B3543600-587C-4FDC-994A-CB0BDC629A7E}.Release|Mixed Platforms.Build.0 = Windows|Any CPU
		{B3543600-587C-4FDC-994A-CB0BDC629A7E}.Release|Win32.ActiveCfg = OSX-Linux|x86
		{B3543600-587C-4FDC-994A-CB0BDC629A7E}.Release|Win32.Build.0 = OSX-Linux|x86
		{B3543600-587C-4FDC-994A-CB0BDC629A7E}.Release|x64.ActiveCfg = OSX-Linux|x64
		{B3543600-587C-4FDC-994A-CB0BDC629A7E}.Release|x64.Build.0 = OSX-Linux|x64
		{B3543600-587C-4FDC-994A-CB0BDC629A7E}.Release|x86.ActiveCfg = Windows|x86
		{B3543600-587C-4FDC-994A-CB0BDC629A7E}.Release|x86.Build.0 = Windows|x86
		{B3543600-587C-4FDC-994A-CB0BDC629A7E}.Release|Xbox 360.ActiveCfg = OSX-Linux|Any CPU
		{B3543600-587C-4FDC-994A-CB0BDC629A7E}.Windows|Any CPU.ActiveCfg = Windows|Any CPU
		{B3543600-587C-4FDC-994A-CB0BDC629A7E}.Windows|Any CPU.Build.0 = Windows|Any CPU
		{B3543600-587C-4FDC-994A-CB0BDC629A7E}.Windows|Mixed Platforms.ActiveCfg = Windows|x86
		{B3543600-587C-4FDC-994A-CB0BDC629A7E}.Windows|Mixed Platforms.Build.0 = Windows|x86
		{B3543600-587C-4FDC-994A-CB0BDC629A7E}.Windows|Win32.ActiveCfg = Windows|x86
		{B3543600-587C-4FDC-994A-CB0BDC629A7E}.Windows|Win32.Build.0 = Windows|x86
		{B3543600-587C-4FDC-994A-CB0BDC629A7E}.Windows|x64.ActiveCfg = Windows|x64
		{B3543600-587C-4FDC-994A-CB0BDC629A7E}.Windows|x64.Build.0 = Windows|x64
		{B3543600-587C-4FDC-994A-CB0BDC629A7E}.Windows|x86.ActiveCfg = Windows|x86
		{B3543600-587C-4FDC-994A-CB0BDC629A7E}.Windows|x86.Build.0 = Windows|x86
		{B3543600-587C-4FDC-994A-CB0BDC629A7E}.Windows|Xbox 360.ActiveCfg = Windows|Any CPU
	EndGlobalSection
	GlobalSection(SolutionProperties) = preSolution
		HideSolutionNode = FALSE
	EndGlobalSection
EndGlobal
