
Microsoft Visual Studio Solution File, Format Version 11.00
# Visual Studio 2010
Project("{FAE04EC0-301F-11D3-BF4B-00C04F79EFBC}") = "Lemma.SDL2", "Lemma\Lemma.SDL2.csproj", "{22829EED-0D3F-4FCE-A32C-8B1B7092E3FC}"
EndProject
Project("{FAE04EC0-301F-11D3-BF4B-00C04F79EFBC}") = "FNA", "FNA\FNA.csproj", "{35253CE1-C864-4CD3-8249-4D1319748E8F}"
EndProject
Project("{FAE04EC0-301F-11D3-BF4B-00C04F79EFBC}") = "ComponentBind.SDL2", "ComponentBind\ComponentBind.SDL2.csproj", "{2FB48991-FCC9-4D08-A9FE-8C25C0173CCB}"
EndProject
Project("{FAE04EC0-301F-11D3-BF4B-00C04F79EFBC}") = "Newtonsoft.Json.Net40", "Newtonsoft.Json\Newtonsoft.Json.Net40.csproj", "{A9AE40FF-1A21-414A-9FE7-3BE13644CC6D}"
EndProject
Project("{FAE04EC0-301F-11D3-BF4B-00C04F79EFBC}") = "ICSharpCode.SharpZLib", "SharpZipLib\src\ICSharpCode.SharpZLib.csproj", "{0E7413FF-EB9E-4714-ACF2-BE3A6A7B2FFD}"
EndProject
Project("{FAE04EC0-301F-11D3-BF4B-00C04F79EFBC}") = "SkinnedModel.SDL2", "SkinnedModel\SkinnedModel.SDL2.csproj", "{59852C46-A48A-433C-8C05-30C08BD36F39}"
EndProject
Project("{FAE04EC0-301F-11D3-BF4B-00C04F79EFBC}") = "BEPUutilities.SDL2", "BEPUutilities\BEPUutilities.SDL2.csproj", "{4AAFB9CD-AE48-4546-860F-18A8FBDBBE76}"
EndProject
Project("{FAE04EC0-301F-11D3-BF4B-00C04F79EFBC}") = "BEPUphysics.SDL2", "BEPUphysics\BEPUphysics.SDL2.csproj", "{A2220272-500E-4B1C-B873-3F5C9C19739B}"
EndProject
Project("{FAE04EC0-301F-11D3-BF4B-00C04F79EFBC}") = "Excel", "Excel\Excel.csproj", "{4CB0690E-3E7A-497C-9116-D52024F63195}"
EndProject
Project("{FAE04EC0-301F-11D3-BF4B-00C04F79EFBC}") = "Wwise.SDL2", "Wwise\Wwise.SDL2.csproj", "{C25A2B65-7D60-4837-BEE0-51BA8CFDD9C6}"
EndProject
Global
	GlobalSection(SolutionConfigurationPlatforms) = preSolution
		Debug|x86 = Debug|x86
		Release|x86 = Release|x86
		NUNIT_DEBUG|Any CPU = NUNIT_DEBUG|Any CPU
		NUNIT_RELEASE|Any CPU = NUNIT_RELEASE|Any CPU
		MSTEST_DEBUG|Any CPU = MSTEST_DEBUG|Any CPU
		MSTEST_RELEASE|Any CPU = MSTEST_RELEASE|Any CPU
	EndGlobalSection
	GlobalSection(ProjectConfigurationPlatforms) = postSolution
		{0E7413FF-EB9E-4714-ACF2-BE3A6A7B2FFD}.Debug|x86.ActiveCfg = Debug|Any CPU
		{0E7413FF-EB9E-4714-ACF2-BE3A6A7B2FFD}.Debug|x86.Build.0 = Debug|Any CPU
		{0E7413FF-EB9E-4714-ACF2-BE3A6A7B2FFD}.Release|x86.ActiveCfg = Release|Any CPU
		{0E7413FF-EB9E-4714-ACF2-BE3A6A7B2FFD}.Release|x86.Build.0 = Release|Any CPU
		{22829EED-0D3F-4FCE-A32C-8B1B7092E3FC}.Debug|x86.ActiveCfg = Debug|x86
		{22829EED-0D3F-4FCE-A32C-8B1B7092E3FC}.Debug|x86.Build.0 = Debug|x86
		{22829EED-0D3F-4FCE-A32C-8B1B7092E3FC}.Release|x86.ActiveCfg = Release|x86
		{22829EED-0D3F-4FCE-A32C-8B1B7092E3FC}.Release|x86.Build.0 = Release|x86
		{2FB48991-FCC9-4D08-A9FE-8C25C0173CCB}.Debug|x86.ActiveCfg = Debug|x86
		{2FB48991-FCC9-4D08-A9FE-8C25C0173CCB}.Debug|x86.Build.0 = Debug|x86
		{2FB48991-FCC9-4D08-A9FE-8C25C0173CCB}.Release|x86.ActiveCfg = Release|x86
		{2FB48991-FCC9-4D08-A9FE-8C25C0173CCB}.Release|x86.Build.0 = Release|x86
		{35253CE1-C864-4CD3-8249-4D1319748E8F}.Debug|x86.ActiveCfg = Debug|x86
		{35253CE1-C864-4CD3-8249-4D1319748E8F}.Debug|x86.Build.0 = Debug|x86
		{35253CE1-C864-4CD3-8249-4D1319748E8F}.MSTEST_DEBUG|Any CPU.ActiveCfg = Debug|x86
		{35253CE1-C864-4CD3-8249-4D1319748E8F}.MSTEST_DEBUG|Any CPU.Build.0 = Debug|x86
		{35253CE1-C864-4CD3-8249-4D1319748E8F}.MSTEST_RELEASE|Any CPU.ActiveCfg = Debug|x86
		{35253CE1-C864-4CD3-8249-4D1319748E8F}.MSTEST_RELEASE|Any CPU.Build.0 = Debug|x86
		{35253CE1-C864-4CD3-8249-4D1319748E8F}.NUNIT_DEBUG|Any CPU.ActiveCfg = Debug|x86
		{35253CE1-C864-4CD3-8249-4D1319748E8F}.NUNIT_DEBUG|Any CPU.Build.0 = Debug|x86
		{35253CE1-C864-4CD3-8249-4D1319748E8F}.NUNIT_RELEASE|Any CPU.ActiveCfg = Debug|x86
		{35253CE1-C864-4CD3-8249-4D1319748E8F}.NUNIT_RELEASE|Any CPU.Build.0 = Debug|x86
		{35253CE1-C864-4CD3-8249-4D1319748E8F}.Release|x86.ActiveCfg = Release|x86
		{35253CE1-C864-4CD3-8249-4D1319748E8F}.Release|x86.Build.0 = Release|x86
		{4AAFB9CD-AE48-4546-860F-18A8FBDBBE76}.Debug|x86.ActiveCfg = Debug|x86
		{4AAFB9CD-AE48-4546-860F-18A8FBDBBE76}.Debug|x86.Build.0 = Debug|x86
		{4AAFB9CD-AE48-4546-860F-18A8FBDBBE76}.Release|x86.ActiveCfg = Release|x86
		{4AAFB9CD-AE48-4546-860F-18A8FBDBBE76}.Release|x86.Build.0 = Release|x86
		{4CB0690E-3E7A-497C-9116-D52024F63195}.Debug|x86.ActiveCfg = Debug|Any CPU
		{4CB0690E-3E7A-497C-9116-D52024F63195}.Debug|x86.Build.0 = Debug|Any CPU
		{4CB0690E-3E7A-497C-9116-D52024F63195}.MSTEST_DEBUG|Any CPU.ActiveCfg = MSTEST_DEBUG|Any CPU
		{4CB0690E-3E7A-497C-9116-D52024F63195}.MSTEST_DEBUG|Any CPU.Build.0 = MSTEST_DEBUG|Any CPU
		{4CB0690E-3E7A-497C-9116-D52024F63195}.MSTEST_RELEASE|Any CPU.ActiveCfg = MSTEST_RELEASE|Any CPU
		{4CB0690E-3E7A-497C-9116-D52024F63195}.MSTEST_RELEASE|Any CPU.Build.0 = MSTEST_RELEASE|Any CPU
		{4CB0690E-3E7A-497C-9116-D52024F63195}.NUNIT_DEBUG|Any CPU.ActiveCfg = NUNIT_DEBUG|Any CPU
		{4CB0690E-3E7A-497C-9116-D52024F63195}.NUNIT_DEBUG|Any CPU.Build.0 = NUNIT_DEBUG|Any CPU
		{4CB0690E-3E7A-497C-9116-D52024F63195}.NUNIT_RELEASE|Any CPU.ActiveCfg = NUNIT_RELEASE|Any CPU
		{4CB0690E-3E7A-497C-9116-D52024F63195}.NUNIT_RELEASE|Any CPU.Build.0 = NUNIT_RELEASE|Any CPU
		{4CB0690E-3E7A-497C-9116-D52024F63195}.Release|x86.ActiveCfg = Release|Any CPU
		{4CB0690E-3E7A-497C-9116-D52024F63195}.Release|x86.Build.0 = Release|Any CPU
		{59852C46-A48A-433C-8C05-30C08BD36F39}.Debug|x86.ActiveCfg = Debug|x86
		{59852C46-A48A-433C-8C05-30C08BD36F39}.Debug|x86.Build.0 = Debug|x86
		{59852C46-A48A-433C-8C05-30C08BD36F39}.Release|x86.ActiveCfg = Release|x86
		{59852C46-A48A-433C-8C05-30C08BD36F39}.Release|x86.Build.0 = Release|x86
		{A2220272-500E-4B1C-B873-3F5C9C19739B}.Debug|x86.ActiveCfg = Debug|x86
		{A2220272-500E-4B1C-B873-3F5C9C19739B}.Debug|x86.Build.0 = Debug|x86
		{A2220272-500E-4B1C-B873-3F5C9C19739B}.Release|x86.ActiveCfg = Release|x86
		{A2220272-500E-4B1C-B873-3F5C9C19739B}.Release|x86.Build.0 = Release|x86
		{A9AE40FF-1A21-414A-9FE7-3BE13644CC6D}.Debug|x86.ActiveCfg = Debug|Any CPU
		{A9AE40FF-1A21-414A-9FE7-3BE13644CC6D}.Debug|x86.Build.0 = Debug|Any CPU
		{A9AE40FF-1A21-414A-9FE7-3BE13644CC6D}.Release|x86.ActiveCfg = Release|Any CPU
		{A9AE40FF-1A21-414A-9FE7-3BE13644CC6D}.Release|x86.Build.0 = Release|Any CPU
		{C25A2B65-7D60-4837-BEE0-51BA8CFDD9C6}.Debug|x86.ActiveCfg = Debug|x86
		{C25A2B65-7D60-4837-BEE0-51BA8CFDD9C6}.Debug|x86.Build.0 = Debug|x86
		{C25A2B65-7D60-4837-BEE0-51BA8CFDD9C6}.MSTEST_DEBUG|Any CPU.ActiveCfg = Debug|x86
		{C25A2B65-7D60-4837-BEE0-51BA8CFDD9C6}.MSTEST_DEBUG|Any CPU.Build.0 = Debug|x86
		{C25A2B65-7D60-4837-BEE0-51BA8CFDD9C6}.MSTEST_RELEASE|Any CPU.ActiveCfg = Debug|x86
		{C25A2B65-7D60-4837-BEE0-51BA8CFDD9C6}.MSTEST_RELEASE|Any CPU.Build.0 = Debug|x86
		{C25A2B65-7D60-4837-BEE0-51BA8CFDD9C6}.NUNIT_DEBUG|Any CPU.ActiveCfg = Debug|x86
		{C25A2B65-7D60-4837-BEE0-51BA8CFDD9C6}.NUNIT_DEBUG|Any CPU.Build.0 = Debug|x86
		{C25A2B65-7D60-4837-BEE0-51BA8CFDD9C6}.NUNIT_RELEASE|Any CPU.ActiveCfg = Debug|x86
		{C25A2B65-7D60-4837-BEE0-51BA8CFDD9C6}.NUNIT_RELEASE|Any CPU.Build.0 = Debug|x86
		{C25A2B65-7D60-4837-BEE0-51BA8CFDD9C6}.Release|x86.ActiveCfg = Release|x86
		{C25A2B65-7D60-4837-BEE0-51BA8CFDD9C6}.Release|x86.Build.0 = Release|x86
	EndGlobalSection
	GlobalSection(MonoDevelopProperties) = preSolution
		StartupItem = Lemma.SDL2\Lemma.SDL2.csproj
	EndGlobalSection
EndGlobal
